PODS:
  - Alamofire (3.4.1)
  - AlamofireImage (2.4.0):
    - Alamofire (~> 3.3)
  - CircleSlider (0.3.0)
  - DropDown (1.0.1)
  - HanekeSwift (0.10.1)
  - ImageCropView (1.0.1)
  - JKNotificationPanel (0.2.0)
  - Kingfisher (2.4.1)
  - Mixpanel (2.9.9):
    - Mixpanel/Mixpanel (= 2.9.9)
  - Mixpanel/Mixpanel (2.9.9)
  - PaperCollectionView (1.0.4):
    - pop
  - Petal (1.1.1)
  - pop (1.0.9)
  - PopupController (0.1.0)
  - Spring (1.0.3)
  - SwiftyJSON (2.3.2)
  - Toucan (0.5.0)
  - Track (1.2.2)
  - YBAlertController (0.1.2)
  - ZAlertView (0.1.7)

DEPENDENCIES:
  - Alamofire (~> 3.4)
  - AlamofireImage (~> 2.0)
  - CircleSlider
  - DropDown
  - HanekeSwift
  - ImageCropView (~> 1.0)
  - JKNotificationPanel
  - Kingfisher (~> 2.4)
  - Mixpanel
  - PaperCollectionView
  - Petal (~> 1.1.1)
  - PopupController
  - Spring (from `https://github.com/MengTo/Spring.git`, branch `swift2`)
  - SwiftyJSON
  - Toucan
  - Track
  - YBAlertController
  - ZAlertView

EXTERNAL SOURCES:
  Spring:
    :branch: swift2
    :git: https://github.com/MengTo/Spring.git

CHECKOUT OPTIONS:
  Spring:
    :commit: 18d5c7b74489de8044e34767f856d1e574f0820e
    :git: https://github.com/MengTo/Spring.git

SPEC CHECKSUMS:
  Alamofire: 01a82e2f6c0f860ade35534c8dd88be61bdef40c
  AlamofireImage: 87408b652e0f5ae5fe364035f15aea8b9b24c77e
  CircleSlider: d1787626e7b8f20b3448ba256aa8a38f072a2640
  DropDown: 335df9e9547e97a861a60aed8448821e239d3513
  HanekeSwift: 08e47d3d0f2899ec58e5d257beba0de619aca9e8
  ImageCropView: cbe42a5c4c31677e3d7167f7fd00c63c30d20acf
  JKNotificationPanel: c45f60e6548cda03752d35b4bf479f44c12886c1
  Kingfisher: 41aed5b6c1ed8fa98cf6d75283ce89cf7890f517
  Mixpanel: 818d1940c2d9402453b349545022a86968097f57
  PaperCollectionView: e9792714a738c02c6fdcf2ae4f54e81ab8b2d441
  Petal: 6b2251a7df61c16e4bb37de19f7c372f1d1371ed
  pop: f667631a5108a2e60d9e8797c9b32ddaf2080bce
  PopupController: fb329de274ab0cf9bf1f2758074287600082de1d
  Spring: 3f02b5dc3308572ef177b3cad0fa7bbc4b0706f7
  SwiftyJSON: 04ccea08915aa0109039157c7974cf0298da292a
  Toucan: 0519c341148252ae114c5a657d2a85bb9ada9e40
  Track: 70d60731eb5f77aecfa624b3e44d525811155bfc
  YBAlertController: 68e8874813d1d9a5c76d72e5bb927e18f2d1afb8
  ZAlertView: 13d57e062ee9a6ce384b753fa8fed8fd0dad3942

COCOAPODS: 0.39.0
