// !$*UTF8*$!
{
	archiveVersion = 1;
	classes = {
	};
	objectVersion = 46;
	objects = {

/* Begin PBXBuildFile section */
		0486ACFC8FF812CB47C7EC08 /* Pods_Udiva.framework in Frameworks */ = {isa = PBXBuildFile; fileRef = 2D2E81FEBC131C099F7B22E8 /* Pods_Udiva.framework */; };
		4800F8711D231B7F00DB51DA /* GlobalVariables.swift in Sources */ = {isa = PBXBuildFile; fileRef = 4800F8701D231B7F00DB51DA /* GlobalVariables.swift */; };
		4815968B1D225A2F002F1D56 /* garmentCell.swift in Sources */ = {isa = PBXBuildFile; fileRef = 481596891D225A2F002F1D56 /* garmentCell.swift */; };
		4815968C1D225A2F002F1D56 /* garmentCell.xib in Resources */ = {isa = PBXBuildFile; fileRef = 4815968A1D225A2F002F1D56 /* garmentCell.xib */; };
		4824689E1D154FB400DAB95C /* Just.swift in Sources */ = {isa = PBXBuildFile; fileRef = 4824689D1D154FB400DAB95C /* Just.swift */; };
		482FE8021D2D3CF300B78B0C /* BustCell.swift in Sources */ = {isa = PBXBuildFile; fileRef = 482FE7F61D2D3CF300B78B0C /* BustCell.swift */; };
		482FE8031D2D3CF300B78B0C /* BustCell.xib in Resources */ = {isa = PBXBuildFile; fileRef = 482FE7F71D2D3CF300B78B0C /* BustCell.xib */; };
		482FE8041D2D3CF300B78B0C /* complexionCell.swift in Sources */ = {isa = PBXBuildFile; fileRef = 482FE7F81D2D3CF300B78B0C /* complexionCell.swift */; };
		482FE8051D2D3CF300B78B0C /* complexionCell.xib in Resources */ = {isa = PBXBuildFile; fileRef = 482FE7F91D2D3CF300B78B0C /* complexionCell.xib */; };
		482FE8061D2D3CF300B78B0C /* HeightCell.swift in Sources */ = {isa = PBXBuildFile; fileRef = 482FE7FA1D2D3CF300B78B0C /* HeightCell.swift */; };
		482FE8071D2D3CF300B78B0C /* HeightCell.xib in Resources */ = {isa = PBXBuildFile; fileRef = 482FE7FB1D2D3CF300B78B0C /* HeightCell.xib */; };
		482FE8081D2D3CF300B78B0C /* HipCell.swift in Sources */ = {isa = PBXBuildFile; fileRef = 482FE7FC1D2D3CF300B78B0C /* HipCell.swift */; };
		482FE8091D2D3CF300B78B0C /* HipCell.xib in Resources */ = {isa = PBXBuildFile; fileRef = 482FE7FD1D2D3CF300B78B0C /* HipCell.xib */; };
		482FE80A1D2D3CF300B78B0C /* Model.swift in Sources */ = {isa = PBXBuildFile; fileRef = 482FE7FE1D2D3CF300B78B0C /* Model.swift */; };
		482FE80B1D2D3CF300B78B0C /* QuestionsCollectionView.swift in Sources */ = {isa = PBXBuildFile; fileRef = 482FE7FF1D2D3CF300B78B0C /* QuestionsCollectionView.swift */; };
		482FE80C1D2D3CF300B78B0C /* submitCell.swift in Sources */ = {isa = PBXBuildFile; fileRef = 482FE8001D2D3CF300B78B0C /* submitCell.swift */; };
		482FE80D1D2D3CF300B78B0C /* submitCell.xib in Resources */ = {isa = PBXBuildFile; fileRef = 482FE8011D2D3CF300B78B0C /* submitCell.xib */; };
		482FE8101D2D3D4600B78B0C /* WaistCell.swift in Sources */ = {isa = PBXBuildFile; fileRef = 482FE80E1D2D3D4600B78B0C /* WaistCell.swift */; };
		482FE8111D2D3D4600B78B0C /* WaistCell.xib in Resources */ = {isa = PBXBuildFile; fileRef = 482FE80F1D2D3D4600B78B0C /* WaistCell.xib */; };
		482FE8131D2E9E1B00B78B0C /* QuestionViewController.swift in Sources */ = {isa = PBXBuildFile; fileRef = 482FE8121D2E9E1B00B78B0C /* QuestionViewController.swift */; };
		482FE8161D2FC59100B78B0C /* LaunchViewController.swift in Sources */ = {isa = PBXBuildFile; fileRef = 482FE8151D2FC59100B78B0C /* LaunchViewController.swift */; };
		483575021D128D7000A0AEBE /* Mixpanel.framework in Frameworks */ = {isa = PBXBuildFile; fileRef = 483575011D128D7000A0AEBE /* Mixpanel.framework */; };
		484BDA161D17CEE7002D287E /* UIDropDown.swift in Sources */ = {isa = PBXBuildFile; fileRef = 484BDA151D17CEE7002D287E /* UIDropDown.swift */; };
		488C9A391D2A4FD40014B992 /* PremiumView.swift in Sources */ = {isa = PBXBuildFile; fileRef = 488C9A381D2A4FD40014B992 /* PremiumView.swift */; };
		488C9A3B1D2A4FF40014B992 /* PremiumView.xib in Resources */ = {isa = PBXBuildFile; fileRef = 488C9A3A1D2A4FF40014B992 /* PremiumView.xib */; };
		48937AE41D246B6300F31F34 /* ModelGarmentCollectionViewCell.swift in Sources */ = {isa = PBXBuildFile; fileRef = 48937AE21D246B6300F31F34 /* ModelGarmentCollectionViewCell.swift */; };
		48937AE51D246B6300F31F34 /* ModelGarmentCollectionViewCell.xib in Resources */ = {isa = PBXBuildFile; fileRef = 48937AE31D246B6300F31F34 /* ModelGarmentCollectionViewCell.xib */; };
		48C2F47F1D264EE800CEE0DD /* TableViewCell2.swift in Sources */ = {isa = PBXBuildFile; fileRef = 48C2F47D1D264EE800CEE0DD /* TableViewCell2.swift */; };
		48C2F4801D264EE800CEE0DD /* TableViewCell2.xib in Resources */ = {isa = PBXBuildFile; fileRef = 48C2F47E1D264EE800CEE0DD /* TableViewCell2.xib */; };
		48C2F4831D26502A00CEE0DD /* CollectionViewCell2.swift in Sources */ = {isa = PBXBuildFile; fileRef = 48C2F4811D26502A00CEE0DD /* CollectionViewCell2.swift */; };
		48C2F4841D26502A00CEE0DD /* CollectionViewCell2.xib in Resources */ = {isa = PBXBuildFile; fileRef = 48C2F4821D26502A00CEE0DD /* CollectionViewCell2.xib */; };
		48D6313E1D2154C600F4905B /* CategoryRow.swift in Sources */ = {isa = PBXBuildFile; fileRef = 48D6313D1D2154C600F4905B /* CategoryRow.swift */; };
		48D631461D218FC700F4905B /* CategoryRow.xib in Resources */ = {isa = PBXBuildFile; fileRef = 48D631451D218FC700F4905B /* CategoryRow.xib */; };
		48D7A72B1D41C6380099F8E7 /* LaunchScreen.xib in Resources */ = {isa = PBXBuildFile; fileRef = 48D7A72A1D41C6380099F8E7 /* LaunchScreen.xib */; };
		48D7A72D1D41C6B00099F8E7 /* LaunchScreen.swift in Sources */ = {isa = PBXBuildFile; fileRef = 48D7A72C1D41C6B00099F8E7 /* LaunchScreen.swift */; };
		48DAA8C21D12C56300494180 /* nn.xib in Resources */ = {isa = PBXBuildFile; fileRef = 48DAA8C11D12C56300494180 /* nn.xib */; };
		48DAA8C41D12C59300494180 /* nn.swift in Sources */ = {isa = PBXBuildFile; fileRef = 48DAA8C31D12C59300494180 /* nn.swift */; };
		48E554B21D4578E4009DF761 /* UPCarouselFlowLayout.swift in Sources */ = {isa = PBXBuildFile; fileRef = 48E554B11D4578E4009DF761 /* UPCarouselFlowLayout.swift */; };
		48E8FF4F1D19403200506005 /* UIImage+ResizeAndCrop.swift in Sources */ = {isa = PBXBuildFile; fileRef = 48E8FF4E1D19403200506005 /* UIImage+ResizeAndCrop.swift */; };
		48EA7D291D1D2195005D6B81 /* BWWalkthroughPageViewController.swift in Sources */ = {isa = PBXBuildFile; fileRef = 48EA7D271D1D2195005D6B81 /* BWWalkthroughPageViewController.swift */; };
		48EA7D2A1D1D2195005D6B81 /* BWWalkthroughViewController.swift in Sources */ = {isa = PBXBuildFile; fileRef = 48EA7D281D1D2195005D6B81 /* BWWalkthroughViewController.swift */; };
		48EA7D2D1D1D2419005D6B81 /* mainViewController.swift in Sources */ = {isa = PBXBuildFile; fileRef = 48EA7D2C1D1D2419005D6B81 /* mainViewController.swift */; };
		48EA7D301D1D3C17005D6B81 /* loginPageViewController.swift in Sources */ = {isa = PBXBuildFile; fileRef = 48EA7D2F1D1D3C17005D6B81 /* loginPageViewController.swift */; };
		48EA7D341D1D435E005D6B81 /* FBSDKCoreKit.framework in Frameworks */ = {isa = PBXBuildFile; fileRef = 48EA7D321D1D435E005D6B81 /* FBSDKCoreKit.framework */; };
		48EA7D351D1D435E005D6B81 /* FBSDKLoginKit.framework in Frameworks */ = {isa = PBXBuildFile; fileRef = 48EA7D331D1D435E005D6B81 /* FBSDKLoginKit.framework */; };
		48EC04741D16A99C00026584 /* activityIndicator.swift in Sources */ = {isa = PBXBuildFile; fileRef = 48EC04731D16A99C00026584 /* activityIndicator.swift */; };
		48F058A71D450C4C002CE14B /* Prepopulated.swift in Sources */ = {isa = PBXBuildFile; fileRef = 48F058A61D450C4C002CE14B /* Prepopulated.swift */; };
		48F058A91D450C8E002CE14B /* Prepopulated.xib in Resources */ = {isa = PBXBuildFile; fileRef = 48F058A81D450C8E002CE14B /* Prepopulated.xib */; };
		48F058AC1D450E90002CE14B /* PrePopulatedCollectionViewCell.swift in Sources */ = {isa = PBXBuildFile; fileRef = 48F058AA1D450E90002CE14B /* PrePopulatedCollectionViewCell.swift */; };
		48F058AD1D450E90002CE14B /* PrePopulatedCollectionViewCell.xib in Resources */ = {isa = PBXBuildFile; fileRef = 48F058AB1D450E90002CE14B /* PrePopulatedCollectionViewCell.xib */; };
		AC94AD611B8E40BF002D9AD2 /* AppDelegate.swift in Sources */ = {isa = PBXBuildFile; fileRef = AC94AD601B8E40BF002D9AD2 /* AppDelegate.swift */; };
		AC94AD631B8E40BF002D9AD2 /* ViewController.swift in Sources */ = {isa = PBXBuildFile; fileRef = AC94AD621B8E40BF002D9AD2 /* ViewController.swift */; };
		AC94AD661B8E40BF002D9AD2 /* Main.storyboard in Resources */ = {isa = PBXBuildFile; fileRef = AC94AD641B8E40BF002D9AD2 /* Main.storyboard */; };
		AC94AD681B8E40BF002D9AD2 /* Images.xcassets in Resources */ = {isa = PBXBuildFile; fileRef = AC94AD671B8E40BF002D9AD2 /* Images.xcassets */; };
		AC94AD6B1B8E40BF002D9AD2 /* LaunchScreen.xib in Resources */ = {isa = PBXBuildFile; fileRef = AC94AD691B8E40BF002D9AD2 /* LaunchScreen.xib */; };
		AC94AD821B8E4174002D9AD2 /* View1.swift in Sources */ = {isa = PBXBuildFile; fileRef = AC94AD801B8E4174002D9AD2 /* View1.swift */; };
		AC94AD831B8E4174002D9AD2 /* View1.xib in Resources */ = {isa = PBXBuildFile; fileRef = AC94AD811B8E4174002D9AD2 /* View1.xib */; };
		AC94AD861B8E41A1002D9AD2 /* View2.swift in Sources */ = {isa = PBXBuildFile; fileRef = AC94AD841B8E41A1002D9AD2 /* View2.swift */; };
		AC94AD871B8E41A1002D9AD2 /* View2.xib in Resources */ = {isa = PBXBuildFile; fileRef = AC94AD851B8E41A1002D9AD2 /* View2.xib */; };
		AC94AD8C1B8E436D002D9AD2 /* View3.swift in Sources */ = {isa = PBXBuildFile; fileRef = AC94AD8A1B8E436D002D9AD2 /* View3.swift */; };
		AC94AD8D1B8E436D002D9AD2 /* View3.xib in Resources */ = {isa = PBXBuildFile; fileRef = AC94AD8B1B8E436D002D9AD2 /* View3.xib */; };
		C4E5AE622A438222C94A9668 /* Pods_UdivaTests.framework in Frameworks */ = {isa = PBXBuildFile; fileRef = 44824D4D91F6CE7B137FBFAE /* Pods_UdivaTests.framework */; };
/* End PBXBuildFile section */

/* Begin PBXContainerItemProxy section */
		AC94AD711B8E40BF002D9AD2 /* PBXContainerItemProxy */ = {
			isa = PBXContainerItemProxy;
			containerPortal = AC94AD531B8E40BF002D9AD2 /* Project object */;
			proxyType = 1;
			remoteGlobalIDString = AC94AD5A1B8E40BF002D9AD2;
			remoteInfo = SnapchatCamera;
		};
/* End PBXContainerItemProxy section */

/* Begin PBXFileReference section */
		2D2E81FEBC131C099F7B22E8 /* Pods_Udiva.framework */ = {isa = PBXFileReference; explicitFileType = wrapper.framework; includeInIndex = 0; path = Pods_Udiva.framework; sourceTree = BUILT_PRODUCTS_DIR; };
		44824D4D91F6CE7B137FBFAE /* Pods_UdivaTests.framework */ = {isa = PBXFileReference; explicitFileType = wrapper.framework; includeInIndex = 0; path = Pods_UdivaTests.framework; sourceTree = BUILT_PRODUCTS_DIR; };
		4800F8701D231B7F00DB51DA /* GlobalVariables.swift */ = {isa = PBXFileReference; fileEncoding = 4; lastKnownFileType = sourcecode.swift; path = GlobalVariables.swift; sourceTree = "<group>"; };
		481596891D225A2F002F1D56 /* garmentCell.swift */ = {isa = PBXFileReference; fileEncoding = 4; lastKnownFileType = sourcecode.swift; path = garmentCell.swift; sourceTree = "<group>"; };
		4815968A1D225A2F002F1D56 /* garmentCell.xib */ = {isa = PBXFileReference; fileEncoding = 4; lastKnownFileType = file.xib; path = garmentCell.xib; sourceTree = "<group>"; };
		4824689D1D154FB400DAB95C /* Just.swift */ = {isa = PBXFileReference; fileEncoding = 4; lastKnownFileType = sourcecode.swift; name = Just.swift; path = ../Just.swift; sourceTree = "<group>"; };
		482FE7F61D2D3CF300B78B0C /* BustCell.swift */ = {isa = PBXFileReference; fileEncoding = 4; lastKnownFileType = sourcecode.swift; path = BustCell.swift; sourceTree = "<group>"; };
		482FE7F71D2D3CF300B78B0C /* BustCell.xib */ = {isa = PBXFileReference; fileEncoding = 4; lastKnownFileType = file.xib; path = BustCell.xib; sourceTree = "<group>"; };
		482FE7F81D2D3CF300B78B0C /* complexionCell.swift */ = {isa = PBXFileReference; fileEncoding = 4; lastKnownFileType = sourcecode.swift; path = complexionCell.swift; sourceTree = "<group>"; };
		482FE7F91D2D3CF300B78B0C /* complexionCell.xib */ = {isa = PBXFileReference; fileEncoding = 4; lastKnownFileType = file.xib; path = complexionCell.xib; sourceTree = "<group>"; };
		482FE7FA1D2D3CF300B78B0C /* HeightCell.swift */ = {isa = PBXFileReference; fileEncoding = 4; lastKnownFileType = sourcecode.swift; path = HeightCell.swift; sourceTree = "<group>"; };
		482FE7FB1D2D3CF300B78B0C /* HeightCell.xib */ = {isa = PBXFileReference; fileEncoding = 4; lastKnownFileType = file.xib; path = HeightCell.xib; sourceTree = "<group>"; };
		482FE7FC1D2D3CF300B78B0C /* HipCell.swift */ = {isa = PBXFileReference; fileEncoding = 4; lastKnownFileType = sourcecode.swift; path = HipCell.swift; sourceTree = "<group>"; };
		482FE7FD1D2D3CF300B78B0C /* HipCell.xib */ = {isa = PBXFileReference; fileEncoding = 4; lastKnownFileType = file.xib; path = HipCell.xib; sourceTree = "<group>"; };
		482FE7FE1D2D3CF300B78B0C /* Model.swift */ = {isa = PBXFileReference; fileEncoding = 4; lastKnownFileType = sourcecode.swift; path = Model.swift; sourceTree = "<group>"; };
		482FE7FF1D2D3CF300B78B0C /* QuestionsCollectionView.swift */ = {isa = PBXFileReference; fileEncoding = 4; lastKnownFileType = sourcecode.swift; path = QuestionsCollectionView.swift; sourceTree = "<group>"; };
		482FE8001D2D3CF300B78B0C /* submitCell.swift */ = {isa = PBXFileReference; fileEncoding = 4; lastKnownFileType = sourcecode.swift; path = submitCell.swift; sourceTree = "<group>"; };
		482FE8011D2D3CF300B78B0C /* submitCell.xib */ = {isa = PBXFileReference; fileEncoding = 4; lastKnownFileType = file.xib; path = submitCell.xib; sourceTree = "<group>"; };
		482FE80E1D2D3D4600B78B0C /* WaistCell.swift */ = {isa = PBXFileReference; fileEncoding = 4; lastKnownFileType = sourcecode.swift; path = WaistCell.swift; sourceTree = "<group>"; };
		482FE80F1D2D3D4600B78B0C /* WaistCell.xib */ = {isa = PBXFileReference; fileEncoding = 4; lastKnownFileType = file.xib; path = WaistCell.xib; sourceTree = "<group>"; };
		482FE8121D2E9E1B00B78B0C /* QuestionViewController.swift */ = {isa = PBXFileReference; fileEncoding = 4; lastKnownFileType = sourcecode.swift; path = QuestionViewController.swift; sourceTree = "<group>"; };
		482FE8151D2FC59100B78B0C /* LaunchViewController.swift */ = {isa = PBXFileReference; fileEncoding = 4; lastKnownFileType = sourcecode.swift; path = LaunchViewController.swift; sourceTree = "<group>"; };
		483575011D128D7000A0AEBE /* Mixpanel.framework */ = {isa = PBXFileReference; lastKnownFileType = wrapper.framework; name = Mixpanel.framework; path = "../../../Library/Developer/Xcode/DerivedData/Udiva-csqxvkfllsiotabbolfobeiborop/Build/Products/Debug-iphoneos/Mixpanel.framework"; sourceTree = "<group>"; };
		483575031D128DE500A0AEBE /* Udiva-Bridging-Header.h */ = {isa = PBXFileReference; lastKnownFileType = sourcecode.c.h; path = "Udiva-Bridging-Header.h"; sourceTree = "<group>"; };
		484BDA151D17CEE7002D287E /* UIDropDown.swift */ = {isa = PBXFileReference; fileEncoding = 4; lastKnownFileType = sourcecode.swift; name = UIDropDown.swift; path = ../UIDropDown.swift; sourceTree = "<group>"; };
		488C9A381D2A4FD40014B992 /* PremiumView.swift */ = {isa = PBXFileReference; fileEncoding = 4; lastKnownFileType = sourcecode.swift; path = PremiumView.swift; sourceTree = "<group>"; };
		488C9A3A1D2A4FF40014B992 /* PremiumView.xib */ = {isa = PBXFileReference; fileEncoding = 4; lastKnownFileType = file.xib; path = PremiumView.xib; sourceTree = "<group>"; };
		48937AE21D246B6300F31F34 /* ModelGarmentCollectionViewCell.swift */ = {isa = PBXFileReference; fileEncoding = 4; lastKnownFileType = sourcecode.swift; path = ModelGarmentCollectionViewCell.swift; sourceTree = "<group>"; };
		48937AE31D246B6300F31F34 /* ModelGarmentCollectionViewCell.xib */ = {isa = PBXFileReference; fileEncoding = 4; lastKnownFileType = file.xib; path = ModelGarmentCollectionViewCell.xib; sourceTree = "<group>"; };
		48C2F47D1D264EE800CEE0DD /* TableViewCell2.swift */ = {isa = PBXFileReference; fileEncoding = 4; lastKnownFileType = sourcecode.swift; path = TableViewCell2.swift; sourceTree = "<group>"; };
		48C2F47E1D264EE800CEE0DD /* TableViewCell2.xib */ = {isa = PBXFileReference; fileEncoding = 4; lastKnownFileType = file.xib; path = TableViewCell2.xib; sourceTree = "<group>"; };
		48C2F4811D26502A00CEE0DD /* CollectionViewCell2.swift */ = {isa = PBXFileReference; fileEncoding = 4; lastKnownFileType = sourcecode.swift; path = CollectionViewCell2.swift; sourceTree = "<group>"; };
		48C2F4821D26502A00CEE0DD /* CollectionViewCell2.xib */ = {isa = PBXFileReference; fileEncoding = 4; lastKnownFileType = file.xib; path = CollectionViewCell2.xib; sourceTree = "<group>"; };
		48D6313D1D2154C600F4905B /* CategoryRow.swift */ = {isa = PBXFileReference; fileEncoding = 4; lastKnownFileType = sourcecode.swift; path = CategoryRow.swift; sourceTree = "<group>"; };
		48D631451D218FC700F4905B /* CategoryRow.xib */ = {isa = PBXFileReference; fileEncoding = 4; lastKnownFileType = file.xib; path = CategoryRow.xib; sourceTree = "<group>"; };
		48D7A72A1D41C6380099F8E7 /* LaunchScreen.xib */ = {isa = PBXFileReference; fileEncoding = 4; lastKnownFileType = file.xib; path = LaunchScreen.xib; sourceTree = "<group>"; };
		48D7A72C1D41C6B00099F8E7 /* LaunchScreen.swift */ = {isa = PBXFileReference; fileEncoding = 4; lastKnownFileType = sourcecode.swift; path = LaunchScreen.swift; sourceTree = "<group>"; };
		48DAA8C11D12C56300494180 /* nn.xib */ = {isa = PBXFileReference; fileEncoding = 4; lastKnownFileType = file.xib; path = nn.xib; sourceTree = "<group>"; };
		48DAA8C31D12C59300494180 /* nn.swift */ = {isa = PBXFileReference; fileEncoding = 4; lastKnownFileType = sourcecode.swift; path = nn.swift; sourceTree = "<group>"; };
		48E554B11D4578E4009DF761 /* UPCarouselFlowLayout.swift */ = {isa = PBXFileReference; fileEncoding = 4; lastKnownFileType = sourcecode.swift; path = UPCarouselFlowLayout.swift; sourceTree = "<group>"; };
		48E8FF4E1D19403200506005 /* UIImage+ResizeAndCrop.swift */ = {isa = PBXFileReference; fileEncoding = 4; lastKnownFileType = sourcecode.swift; name = "UIImage+ResizeAndCrop.swift"; path = "../UIImage+ResizeAndCrop.swift"; sourceTree = "<group>"; };
		48EA7D271D1D2195005D6B81 /* BWWalkthroughPageViewController.swift */ = {isa = PBXFileReference; fileEncoding = 4; lastKnownFileType = sourcecode.swift; path = BWWalkthroughPageViewController.swift; sourceTree = "<group>"; };
		48EA7D281D1D2195005D6B81 /* BWWalkthroughViewController.swift */ = {isa = PBXFileReference; fileEncoding = 4; lastKnownFileType = sourcecode.swift; path = BWWalkthroughViewController.swift; sourceTree = "<group>"; };
		48EA7D2C1D1D2419005D6B81 /* mainViewController.swift */ = {isa = PBXFileReference; fileEncoding = 4; lastKnownFileType = sourcecode.swift; name = mainViewController.swift; path = Libs/mainViewController.swift; sourceTree = "<group>"; };
		48EA7D2F1D1D3C17005D6B81 /* loginPageViewController.swift */ = {isa = PBXFileReference; fileEncoding = 4; lastKnownFileType = sourcecode.swift; path = loginPageViewController.swift; sourceTree = "<group>"; };
		48EA7D321D1D435E005D6B81 /* FBSDKCoreKit.framework */ = {isa = PBXFileReference; lastKnownFileType = wrapper.framework; path = FBSDKCoreKit.framework; sourceTree = "<group>"; };
		48EA7D331D1D435E005D6B81 /* FBSDKLoginKit.framework */ = {isa = PBXFileReference; lastKnownFileType = wrapper.framework; path = FBSDKLoginKit.framework; sourceTree = "<group>"; };
		48EC04731D16A99C00026584 /* activityIndicator.swift */ = {isa = PBXFileReference; fileEncoding = 4; lastKnownFileType = sourcecode.swift; name = activityIndicator.swift; path = ../activityIndicator.swift; sourceTree = "<group>"; };
		48F058A61D450C4C002CE14B /* Prepopulated.swift */ = {isa = PBXFileReference; fileEncoding = 4; lastKnownFileType = sourcecode.swift; path = Prepopulated.swift; sourceTree = "<group>"; };
		48F058A81D450C8E002CE14B /* Prepopulated.xib */ = {isa = PBXFileReference; fileEncoding = 4; lastKnownFileType = file.xib; path = Prepopulated.xib; sourceTree = "<group>"; };
		48F058AA1D450E90002CE14B /* PrePopulatedCollectionViewCell.swift */ = {isa = PBXFileReference; fileEncoding = 4; lastKnownFileType = sourcecode.swift; path = PrePopulatedCollectionViewCell.swift; sourceTree = "<group>"; };
		48F058AB1D450E90002CE14B /* PrePopulatedCollectionViewCell.xib */ = {isa = PBXFileReference; fileEncoding = 4; lastKnownFileType = file.xib; path = PrePopulatedCollectionViewCell.xib; sourceTree = "<group>"; };
		79DFE4608E7F88A59D399EE8 /* Pods-UdivaTests.debug.xcconfig */ = {isa = PBXFileReference; includeInIndex = 1; lastKnownFileType = text.xcconfig; name = "Pods-UdivaTests.debug.xcconfig"; path = "Pods/Target Support Files/Pods-UdivaTests/Pods-UdivaTests.debug.xcconfig"; sourceTree = "<group>"; };
		9E3310E689755BA067720A65 /* Pods-UdivaTests.release.xcconfig */ = {isa = PBXFileReference; includeInIndex = 1; lastKnownFileType = text.xcconfig; name = "Pods-UdivaTests.release.xcconfig"; path = "Pods/Target Support Files/Pods-UdivaTests/Pods-UdivaTests.release.xcconfig"; sourceTree = "<group>"; };
		AC94AD5B1B8E40BF002D9AD2 /* Udiva.app */ = {isa = PBXFileReference; explicitFileType = wrapper.application; includeInIndex = 0; path = Udiva.app; sourceTree = BUILT_PRODUCTS_DIR; };
		AC94AD5F1B8E40BF002D9AD2 /* Info.plist */ = {isa = PBXFileReference; lastKnownFileType = text.plist.xml; path = Info.plist; sourceTree = "<group>"; };
		AC94AD601B8E40BF002D9AD2 /* AppDelegate.swift */ = {isa = PBXFileReference; lastKnownFileType = sourcecode.swift; name = AppDelegate.swift; path = SnapchatCamera/AppDelegate.swift; sourceTree = "<group>"; };
		AC94AD621B8E40BF002D9AD2 /* ViewController.swift */ = {isa = PBXFileReference; lastKnownFileType = sourcecode.swift; path = ViewController.swift; sourceTree = "<group>"; };
		AC94AD651B8E40BF002D9AD2 /* Base */ = {isa = PBXFileReference; lastKnownFileType = file.storyboard; name = Base; path = Base.lproj/Main.storyboard; sourceTree = "<group>"; };
		AC94AD671B8E40BF002D9AD2 /* Images.xcassets */ = {isa = PBXFileReference; lastKnownFileType = folder.assetcatalog; name = Images.xcassets; path = SnapchatCamera/Images.xcassets; sourceTree = "<group>"; };
		AC94AD6A1B8E40BF002D9AD2 /* Base */ = {isa = PBXFileReference; lastKnownFileType = file.xib; name = Base; path = Base.lproj/LaunchScreen.xib; sourceTree = "<group>"; };
		AC94AD701B8E40BF002D9AD2 /* Udiva.xctest */ = {isa = PBXFileReference; explicitFileType = wrapper.cfbundle; includeInIndex = 0; path = Udiva.xctest; sourceTree = BUILT_PRODUCTS_DIR; };
		AC94AD801B8E4174002D9AD2 /* View1.swift */ = {isa = PBXFileReference; fileEncoding = 4; lastKnownFileType = sourcecode.swift; path = View1.swift; sourceTree = "<group>"; };
		AC94AD811B8E4174002D9AD2 /* View1.xib */ = {isa = PBXFileReference; fileEncoding = 4; lastKnownFileType = file.xib; path = View1.xib; sourceTree = "<group>"; };
		AC94AD841B8E41A1002D9AD2 /* View2.swift */ = {isa = PBXFileReference; fileEncoding = 4; lastKnownFileType = sourcecode.swift; path = View2.swift; sourceTree = "<group>"; };
		AC94AD851B8E41A1002D9AD2 /* View2.xib */ = {isa = PBXFileReference; fileEncoding = 4; lastKnownFileType = file.xib; path = View2.xib; sourceTree = "<group>"; };
		AC94AD8A1B8E436D002D9AD2 /* View3.swift */ = {isa = PBXFileReference; fileEncoding = 4; lastKnownFileType = sourcecode.swift; path = View3.swift; sourceTree = "<group>"; };
		AC94AD8B1B8E436D002D9AD2 /* View3.xib */ = {isa = PBXFileReference; fileEncoding = 4; lastKnownFileType = file.xib; path = View3.xib; sourceTree = "<group>"; };
		C1BBC5E5DF8B2ADD28C56CBF /* Pods-Udiva.release.xcconfig */ = {isa = PBXFileReference; includeInIndex = 1; lastKnownFileType = text.xcconfig; name = "Pods-Udiva.release.xcconfig"; path = "Pods/Target Support Files/Pods-Udiva/Pods-Udiva.release.xcconfig"; sourceTree = "<group>"; };
		F499FC20BCC5C04F2C5B99A9 /* Pods-Udiva.debug.xcconfig */ = {isa = PBXFileReference; includeInIndex = 1; lastKnownFileType = text.xcconfig; name = "Pods-Udiva.debug.xcconfig"; path = "Pods/Target Support Files/Pods-Udiva/Pods-Udiva.debug.xcconfig"; sourceTree = "<group>"; };
/* End PBXFileReference section */

/* Begin PBXFrameworksBuildPhase section */
		AC94AD581B8E40BF002D9AD2 /* Frameworks */ = {
			isa = PBXFrameworksBuildPhase;
			buildActionMask = 2147483647;
			files = (
				483575021D128D7000A0AEBE /* Mixpanel.framework in Frameworks */,
				48EA7D341D1D435E005D6B81 /* FBSDKCoreKit.framework in Frameworks */,
				48EA7D351D1D435E005D6B81 /* FBSDKLoginKit.framework in Frameworks */,
				0486ACFC8FF812CB47C7EC08 /* Pods_Udiva.framework in Frameworks */,
			);
			runOnlyForDeploymentPostprocessing = 0;
		};
		AC94AD6D1B8E40BF002D9AD2 /* Frameworks */ = {
			isa = PBXFrameworksBuildPhase;
			buildActionMask = 2147483647;
			files = (
				C4E5AE622A438222C94A9668 /* Pods_UdivaTests.framework in Frameworks */,
			);
			runOnlyForDeploymentPostprocessing = 0;
		};
/* End PBXFrameworksBuildPhase section */

/* Begin PBXGroup section */
		2F082D675FAC9A36E7A8A602 /* Pods */ = {
			isa = PBXGroup;
			children = (
				F499FC20BCC5C04F2C5B99A9 /* Pods-Udiva.debug.xcconfig */,
				C1BBC5E5DF8B2ADD28C56CBF /* Pods-Udiva.release.xcconfig */,
				79DFE4608E7F88A59D399EE8 /* Pods-UdivaTests.debug.xcconfig */,
				9E3310E689755BA067720A65 /* Pods-UdivaTests.release.xcconfig */,
			);
			name = Pods;
			sourceTree = "<group>";
		};
		4815968D1D229E5C002F1D56 /* Global Data */ = {
			isa = PBXGroup;
			children = (
				4800F8701D231B7F00DB51DA /* GlobalVariables.swift */,
			);
			name = "Global Data";
			sourceTree = "<group>";
		};
		482FE7F51D2D3CE300B78B0C /* Model Questions */ = {
			isa = PBXGroup;
			children = (
				482FE7F61D2D3CF300B78B0C /* BustCell.swift */,
				482FE7F71D2D3CF300B78B0C /* BustCell.xib */,
				482FE7F81D2D3CF300B78B0C /* complexionCell.swift */,
				482FE7F91D2D3CF300B78B0C /* complexionCell.xib */,
				482FE7FA1D2D3CF300B78B0C /* HeightCell.swift */,
				482FE7FB1D2D3CF300B78B0C /* HeightCell.xib */,
				482FE80E1D2D3D4600B78B0C /* WaistCell.swift */,
				482FE80F1D2D3D4600B78B0C /* WaistCell.xib */,
				482FE7FC1D2D3CF300B78B0C /* HipCell.swift */,
				482FE7FD1D2D3CF300B78B0C /* HipCell.xib */,
				482FE7FE1D2D3CF300B78B0C /* Model.swift */,
				482FE7FF1D2D3CF300B78B0C /* QuestionsCollectionView.swift */,
				482FE8001D2D3CF300B78B0C /* submitCell.swift */,
				482FE8011D2D3CF300B78B0C /* submitCell.xib */,
				482FE8121D2E9E1B00B78B0C /* QuestionViewController.swift */,
			);
			name = "Model Questions";
			sourceTree = "<group>";
		};
		482FE8141D2FC57E00B78B0C /* Launch */ = {
			isa = PBXGroup;
			children = (
				482FE8151D2FC59100B78B0C /* LaunchViewController.swift */,
				48D7A72A1D41C6380099F8E7 /* LaunchScreen.xib */,
				48D7A72C1D41C6B00099F8E7 /* LaunchScreen.swift */,
			);
			name = Launch;
			sourceTree = "<group>";
		};
		483575071D12984100A0AEBE /* View */ = {
			isa = PBXGroup;
			children = (
				AC94AD811B8E4174002D9AD2 /* View1.xib */,
				AC94AD851B8E41A1002D9AD2 /* View2.xib */,
				AC94AD8B1B8E436D002D9AD2 /* View3.xib */,
				AC94AD641B8E40BF002D9AD2 /* Main.storyboard */,
				48DAA8C11D12C56300494180 /* nn.xib */,
			);
			name = View;
			sourceTree = "<group>";
		};
		483575091D12986B00A0AEBE /* Controller */ = {
			isa = PBXGroup;
			children = (
				AC94AD621B8E40BF002D9AD2 /* ViewController.swift */,
				AC94AD801B8E4174002D9AD2 /* View1.swift */,
				AC94AD841B8E41A1002D9AD2 /* View2.swift */,
				AC94AD8A1B8E436D002D9AD2 /* View3.swift */,
				48DAA8C31D12C59300494180 /* nn.swift */,
			);
			name = Controller;
			sourceTree = "<group>";
		};
		488C9A371D2A4FB60014B992 /* Premium */ = {
			isa = PBXGroup;
			children = (
				488C9A381D2A4FD40014B992 /* PremiumView.swift */,
				488C9A3A1D2A4FF40014B992 /* PremiumView.xib */,
			);
			name = Premium;
			sourceTree = "<group>";
		};
		48C2F47A1D264D0400CEE0DD /* TableviewCell1 */ = {
			isa = PBXGroup;
			children = (
				48D6313D1D2154C600F4905B /* CategoryRow.swift */,
				48D631451D218FC700F4905B /* CategoryRow.xib */,
				481596891D225A2F002F1D56 /* garmentCell.swift */,
				4815968A1D225A2F002F1D56 /* garmentCell.xib */,
			);
			name = TableviewCell1;
			sourceTree = "<group>";
		};
		48C2F47B1D264D1F00CEE0DD /* TableViewCell2 */ = {
			isa = PBXGroup;
			children = (
				48C2F47D1D264EE800CEE0DD /* TableViewCell2.swift */,
				48C2F47E1D264EE800CEE0DD /* TableViewCell2.xib */,
				48C2F4811D26502A00CEE0DD /* CollectionViewCell2.swift */,
				48C2F4821D26502A00CEE0DD /* CollectionViewCell2.xib */,
			);
			name = TableViewCell2;
			sourceTree = "<group>";
		};
		48C2F47C1D264D3C00CEE0DD /* View3CollectionView */ = {
			isa = PBXGroup;
			children = (
				48937AE21D246B6300F31F34 /* ModelGarmentCollectionViewCell.swift */,
				48937AE31D246B6300F31F34 /* ModelGarmentCollectionViewCell.xib */,
			);
			name = View3CollectionView;
			sourceTree = "<group>";
		};
		48D6313C1D2154AD00F4905B /* TableViewFiles */ = {
			isa = PBXGroup;
			children = (
				48C2F47C1D264D3C00CEE0DD /* View3CollectionView */,
				48C2F47A1D264D0400CEE0DD /* TableviewCell1 */,
				48C2F47B1D264D1F00CEE0DD /* TableViewCell2 */,
			);
			name = TableViewFiles;
			sourceTree = "<group>";
		};
		48E554B01D4578E4009DF761 /* UPCarouselFlowLayout */ = {
			isa = PBXGroup;
			children = (
				48E554B11D4578E4009DF761 /* UPCarouselFlowLayout.swift */,
			);
			path = UPCarouselFlowLayout;
			sourceTree = "<group>";
		};
		48EA7D261D1D2195005D6B81 /* Libs */ = {
			isa = PBXGroup;
			children = (
				484BDA151D17CEE7002D287E /* UIDropDown.swift */,
				48EA7D271D1D2195005D6B81 /* BWWalkthroughPageViewController.swift */,
				48EA7D281D1D2195005D6B81 /* BWWalkthroughViewController.swift */,
				48EC04731D16A99C00026584 /* activityIndicator.swift */,
				48E8FF4E1D19403200506005 /* UIImage+ResizeAndCrop.swift */,
				4824689D1D154FB400DAB95C /* Just.swift */,
			);
			path = Libs;
			sourceTree = "<group>";
		};
		48EA7D2B1D1D23FE005D6B81 /* walkthrough */ = {
			isa = PBXGroup;
			children = (
				48EA7D2C1D1D2419005D6B81 /* mainViewController.swift */,
				48EA7D261D1D2195005D6B81 /* Libs */,
			);
			name = walkthrough;
			sourceTree = "<group>";
		};
		48EA7D2E1D1D3C09005D6B81 /* login */ = {
			isa = PBXGroup;
			children = (
				48EA7D2F1D1D3C17005D6B81 /* loginPageViewController.swift */,
			);
			name = login;
			sourceTree = "<group>";
		};
		48EA7D311D1D4341005D6B81 /* FBFrameworks */ = {
			isa = PBXGroup;
			children = (
				48EA7D321D1D435E005D6B81 /* FBSDKCoreKit.framework */,
				48EA7D331D1D435E005D6B81 /* FBSDKLoginKit.framework */,
			);
			name = FBFrameworks;
			sourceTree = "<group>";
		};
		48F058A41D450C2B002CE14B /* Prepopulated */ = {
			isa = PBXGroup;
			children = (
				48F058A61D450C4C002CE14B /* Prepopulated.swift */,
				48F058A81D450C8E002CE14B /* Prepopulated.xib */,
				48F058AA1D450E90002CE14B /* PrePopulatedCollectionViewCell.swift */,
				48F058AB1D450E90002CE14B /* PrePopulatedCollectionViewCell.xib */,
			);
			name = Prepopulated;
			sourceTree = "<group>";
		};
		AC94AD521B8E40BF002D9AD2 = {
			isa = PBXGroup;
			children = (
				48E554B01D4578E4009DF761 /* UPCarouselFlowLayout */,
				48F058A41D450C2B002CE14B /* Prepopulated */,
				482FE8141D2FC57E00B78B0C /* Launch */,
				482FE7F51D2D3CE300B78B0C /* Model Questions */,
				488C9A371D2A4FB60014B992 /* Premium */,
				4815968D1D229E5C002F1D56 /* Global Data */,
				48D6313C1D2154AD00F4905B /* TableViewFiles */,
				AC94AD601B8E40BF002D9AD2 /* AppDelegate.swift */,
				AC94AD671B8E40BF002D9AD2 /* Images.xcassets */,
				48EA7D311D1D4341005D6B81 /* FBFrameworks */,
				48EA7D2E1D1D3C09005D6B81 /* login */,
				48EA7D2B1D1D23FE005D6B81 /* walkthrough */,
				483575031D128DE500A0AEBE /* Udiva-Bridging-Header.h */,
				AC94AD5D1B8E40BF002D9AD2 /* Camera */,
				AC94AD5C1B8E40BF002D9AD2 /* Products */,
				AC94AD5E1B8E40BF002D9AD2 /* Supporting Files */,
				ECA78FAB106D239C665A1DBB /* Frameworks */,
				2F082D675FAC9A36E7A8A602 /* Pods */,
			);
			sourceTree = "<group>";
		};
		AC94AD5C1B8E40BF002D9AD2 /* Products */ = {
			isa = PBXGroup;
			children = (
				AC94AD5B1B8E40BF002D9AD2 /* Udiva.app */,
				AC94AD701B8E40BF002D9AD2 /* Udiva.xctest */,
			);
			name = Products;
			sourceTree = "<group>";
		};
		AC94AD5D1B8E40BF002D9AD2 /* Camera */ = {
			isa = PBXGroup;
			children = (
				483575091D12986B00A0AEBE /* Controller */,
				483575071D12984100A0AEBE /* View */,
				AC94AD691B8E40BF002D9AD2 /* LaunchScreen.xib */,
			);
			name = Camera;
			path = SnapchatCamera;
			sourceTree = "<group>";
		};
		AC94AD5E1B8E40BF002D9AD2 /* Supporting Files */ = {
			isa = PBXGroup;
			children = (
				AC94AD5F1B8E40BF002D9AD2 /* Info.plist */,
			);
			name = "Supporting Files";
			path = SnapchatCamera;
			sourceTree = "<group>";
		};
		ECA78FAB106D239C665A1DBB /* Frameworks */ = {
			isa = PBXGroup;
			children = (
				483575011D128D7000A0AEBE /* Mixpanel.framework */,
				2D2E81FEBC131C099F7B22E8 /* Pods_Udiva.framework */,
				44824D4D91F6CE7B137FBFAE /* Pods_UdivaTests.framework */,
			);
			name = Frameworks;
			sourceTree = "<group>";
		};
/* End PBXGroup section */

/* Begin PBXNativeTarget section */
		AC94AD5A1B8E40BF002D9AD2 /* Udiva */ = {
			isa = PBXNativeTarget;
			buildConfigurationList = AC94AD7A1B8E40BF002D9AD2 /* Build configuration list for PBXNativeTarget "Udiva" */;
			buildPhases = (
				09165E18E1F6BE6BBE063B31 /* [CP] Check Pods Manifest.lock */,
				AC94AD571B8E40BF002D9AD2 /* Sources */,
				AC94AD581B8E40BF002D9AD2 /* Frameworks */,
				AC94AD591B8E40BF002D9AD2 /* Resources */,
				A145F43224EA8314690D9645 /* [CP] Embed Pods Frameworks */,
				AEC46F2FE345B2A5144F226B /* [CP] Copy Pods Resources */,
				AF69DA153AAC0970306DB0EE /* Embed Pods Frameworks */,
			);
			buildRules = (
			);
			dependencies = (
			);
			name = Udiva;
			productName = SnapchatCamera;
			productReference = AC94AD5B1B8E40BF002D9AD2 /* Udiva.app */;
			productType = "com.apple.product-type.application";
		};
		AC94AD6F1B8E40BF002D9AD2 /* UdivaTests */ = {
			isa = PBXNativeTarget;
			buildConfigurationList = AC94AD7D1B8E40BF002D9AD2 /* Build configuration list for PBXNativeTarget "UdivaTests" */;
			buildPhases = (
				4946DB7B3F144A2B353D6D6F /* [CP] Check Pods Manifest.lock */,
				AC94AD6C1B8E40BF002D9AD2 /* Sources */,
				AC94AD6D1B8E40BF002D9AD2 /* Frameworks */,
				AC94AD6E1B8E40BF002D9AD2 /* Resources */,
				C1F43FB5484076D545FCE4FC /* [CP] Embed Pods Frameworks */,
				C9E12D5EFB01442A6B70AA62 /* [CP] Copy Pods Resources */,
			);
			buildRules = (
			);
			dependencies = (
				AC94AD721B8E40BF002D9AD2 /* PBXTargetDependency */,
			);
			name = UdivaTests;
			productName = SnapchatCameraTests;
			productReference = AC94AD701B8E40BF002D9AD2 /* Udiva.xctest */;
			productType = "com.apple.product-type.bundle.unit-test";
		};
/* End PBXNativeTarget section */

/* Begin PBXProject section */
		AC94AD531B8E40BF002D9AD2 /* Project object */ = {
			isa = PBXProject;
			attributes = {
				LastSwiftMigration = 0730;
				LastSwiftUpdateCheck = 0730;
				LastUpgradeCheck = 0730;
				ORGANIZATIONNAME = Udiva;
				TargetAttributes = {
					AC94AD5A1B8E40BF002D9AD2 = {
						CreatedOnToolsVersion = 6.4;
						DevelopmentTeam = MGCZ2CQRVM;
					};
					AC94AD6F1B8E40BF002D9AD2 = {
						CreatedOnToolsVersion = 6.4;
						TestTargetID = AC94AD5A1B8E40BF002D9AD2;
					};
				};
			};
			buildConfigurationList = AC94AD561B8E40BF002D9AD2 /* Build configuration list for PBXProject "Udiva" */;
			compatibilityVersion = "Xcode 3.2";
			developmentRegion = English;
			hasScannedForEncodings = 0;
			knownRegions = (
				en,
				Base,
			);
			mainGroup = AC94AD521B8E40BF002D9AD2;
			productRefGroup = AC94AD5C1B8E40BF002D9AD2 /* Products */;
			projectDirPath = "";
			projectRoot = "";
			targets = (
				AC94AD5A1B8E40BF002D9AD2 /* Udiva */,
				AC94AD6F1B8E40BF002D9AD2 /* UdivaTests */,
			);
		};
/* End PBXProject section */

/* Begin PBXResourcesBuildPhase section */
		AC94AD591B8E40BF002D9AD2 /* Resources */ = {
			isa = PBXResourcesBuildPhase;
			buildActionMask = 2147483647;
			files = (
				48D7A72B1D41C6380099F8E7 /* LaunchScreen.xib in Resources */,
				482FE8071D2D3CF300B78B0C /* HeightCell.xib in Resources */,
				AC94AD661B8E40BF002D9AD2 /* Main.storyboard in Resources */,
				48F058A91D450C8E002CE14B /* Prepopulated.xib in Resources */,
				AC94AD6B1B8E40BF002D9AD2 /* LaunchScreen.xib in Resources */,
				48D631461D218FC700F4905B /* CategoryRow.xib in Resources */,
				4815968C1D225A2F002F1D56 /* garmentCell.xib in Resources */,
				AC94AD8D1B8E436D002D9AD2 /* View3.xib in Resources */,
				482FE8031D2D3CF300B78B0C /* BustCell.xib in Resources */,
				48C2F4841D26502A00CEE0DD /* CollectionViewCell2.xib in Resources */,
				482FE8091D2D3CF300B78B0C /* HipCell.xib in Resources */,
				48F058AD1D450E90002CE14B /* PrePopulatedCollectionViewCell.xib in Resources */,
				48937AE51D246B6300F31F34 /* ModelGarmentCollectionViewCell.xib in Resources */,
				48DAA8C21D12C56300494180 /* nn.xib in Resources */,
				488C9A3B1D2A4FF40014B992 /* PremiumView.xib in Resources */,
				AC94AD831B8E4174002D9AD2 /* View1.xib in Resources */,
				482FE8051D2D3CF300B78B0C /* complexionCell.xib in Resources */,
				AC94AD871B8E41A1002D9AD2 /* View2.xib in Resources */,
				482FE8111D2D3D4600B78B0C /* WaistCell.xib in Resources */,
				48C2F4801D264EE800CEE0DD /* TableViewCell2.xib in Resources */,
				AC94AD681B8E40BF002D9AD2 /* Images.xcassets in Resources */,
				482FE80D1D2D3CF300B78B0C /* submitCell.xib in Resources */,
			);
			runOnlyForDeploymentPostprocessing = 0;
		};
		AC94AD6E1B8E40BF002D9AD2 /* Resources */ = {
			isa = PBXResourcesBuildPhase;
			buildActionMask = 2147483647;
			files = (
			);
			runOnlyForDeploymentPostprocessing = 0;
		};
/* End PBXResourcesBuildPhase section */

/* Begin PBXShellScriptBuildPhase section */
		09165E18E1F6BE6BBE063B31 /* [CP] Check Pods Manifest.lock */ = {
			isa = PBXShellScriptBuildPhase;
			buildActionMask = 2147483647;
			files = (
			);
			inputPaths = (
			);
			name = "[CP] Check Pods Manifest.lock";
			outputPaths = (
			);
			runOnlyForDeploymentPostprocessing = 0;
			shellPath = /bin/sh;
			shellScript = "diff \"${PODS_ROOT}/../Podfile.lock\" \"${PODS_ROOT}/Manifest.lock\" > /dev/null\nif [[ $? != 0 ]] ; then\n    cat << EOM\nerror: The sandbox is not in sync with the Podfile.lock. Run 'pod install' or update your CocoaPods installation.\nEOM\n    exit 1\nfi\n";
			showEnvVarsInLog = 0;
		};
		4946DB7B3F144A2B353D6D6F /* [CP] Check Pods Manifest.lock */ = {
			isa = PBXShellScriptBuildPhase;
			buildActionMask = 2147483647;
			files = (
			);
			inputPaths = (
			);
			name = "[CP] Check Pods Manifest.lock";
			outputPaths = (
			);
			runOnlyForDeploymentPostprocessing = 0;
			shellPath = /bin/sh;
			shellScript = "diff \"${PODS_ROOT}/../Podfile.lock\" \"${PODS_ROOT}/Manifest.lock\" > /dev/null\nif [[ $? != 0 ]] ; then\n    cat << EOM\nerror: The sandbox is not in sync with the Podfile.lock. Run 'pod install' or update your CocoaPods installation.\nEOM\n    exit 1\nfi\n";
			showEnvVarsInLog = 0;
		};
		A145F43224EA8314690D9645 /* [CP] Embed Pods Frameworks */ = {
			isa = PBXShellScriptBuildPhase;
			buildActionMask = 2147483647;
			files = (
			);
			inputPaths = (
			);
			name = "[CP] Embed Pods Frameworks";
			outputPaths = (
			);
			runOnlyForDeploymentPostprocessing = 0;
			shellPath = /bin/sh;
			shellScript = "\"${SRCROOT}/Pods/Target Support Files/Pods-Udiva/Pods-Udiva-frameworks.sh\"\n";
			showEnvVarsInLog = 0;
		};
		AEC46F2FE345B2A5144F226B /* [CP] Copy Pods Resources */ = {
			isa = PBXShellScriptBuildPhase;
			buildActionMask = 2147483647;
			files = (
			);
			inputPaths = (
			);
			name = "[CP] Copy Pods Resources";
			outputPaths = (
			);
			runOnlyForDeploymentPostprocessing = 0;
			shellPath = /bin/sh;
			shellScript = "\"${SRCROOT}/Pods/Target Support Files/Pods-Udiva/Pods-Udiva-resources.sh\"\n";
			showEnvVarsInLog = 0;
		};
		AF69DA153AAC0970306DB0EE /* Embed Pods Frameworks */ = {
			isa = PBXShellScriptBuildPhase;
			buildActionMask = 2147483647;
			files = (
			);
			inputPaths = (
			);
			name = "Embed Pods Frameworks";
			outputPaths = (
			);
			runOnlyForDeploymentPostprocessing = 0;
			shellPath = /bin/sh;
			shellScript = "\"${SRCROOT}/Pods/Target Support Files/Pods-Udiva/Pods-Udiva-frameworks.sh\"\n";
			showEnvVarsInLog = 0;
		};
		C1F43FB5484076D545FCE4FC /* [CP] Embed Pods Frameworks */ = {
			isa = PBXShellScriptBuildPhase;
			buildActionMask = 2147483647;
			files = (
			);
			inputPaths = (
			);
			name = "[CP] Embed Pods Frameworks";
			outputPaths = (
			);
			runOnlyForDeploymentPostprocessing = 0;
			shellPath = /bin/sh;
			shellScript = "\"${SRCROOT}/Pods/Target Support Files/Pods-UdivaTests/Pods-UdivaTests-frameworks.sh\"\n";
			showEnvVarsInLog = 0;
		};
		C9E12D5EFB01442A6B70AA62 /* [CP] Copy Pods Resources */ = {
			isa = PBXShellScriptBuildPhase;
			buildActionMask = 2147483647;
			files = (
			);
			inputPaths = (
			);
			name = "[CP] Copy Pods Resources";
			outputPaths = (
			);
			runOnlyForDeploymentPostprocessing = 0;
			shellPath = /bin/sh;
			shellScript = "\"${SRCROOT}/Pods/Target Support Files/Pods-UdivaTests/Pods-UdivaTests-resources.sh\"\n";
			showEnvVarsInLog = 0;
		};
/* End PBXShellScriptBuildPhase section */

/* Begin PBXSourcesBuildPhase section */
		AC94AD571B8E40BF002D9AD2 /* Sources */ = {
			isa = PBXSourcesBuildPhase;
			buildActionMask = 2147483647;
			files = (
				AC94AD631B8E40BF002D9AD2 /* ViewController.swift in Sources */,
				48DAA8C41D12C59300494180 /* nn.swift in Sources */,
				488C9A391D2A4FD40014B992 /* PremiumView.swift in Sources */,
				482FE8101D2D3D4600B78B0C /* WaistCell.swift in Sources */,
				482FE8131D2E9E1B00B78B0C /* QuestionViewController.swift in Sources */,
				48F058AC1D450E90002CE14B /* PrePopulatedCollectionViewCell.swift in Sources */,
				48EA7D2A1D1D2195005D6B81 /* BWWalkthroughViewController.swift in Sources */,
				48C2F47F1D264EE800CEE0DD /* TableViewCell2.swift in Sources */,
				482FE8021D2D3CF300B78B0C /* BustCell.swift in Sources */,
				48D7A72D1D41C6B00099F8E7 /* LaunchScreen.swift in Sources */,
				482FE8061D2D3CF300B78B0C /* HeightCell.swift in Sources */,
				48EC04741D16A99C00026584 /* activityIndicator.swift in Sources */,
				AC94AD8C1B8E436D002D9AD2 /* View3.swift in Sources */,
				48EA7D291D1D2195005D6B81 /* BWWalkthroughPageViewController.swift in Sources */,
				48EA7D2D1D1D2419005D6B81 /* mainViewController.swift in Sources */,
				48D6313E1D2154C600F4905B /* CategoryRow.swift in Sources */,
				4800F8711D231B7F00DB51DA /* GlobalVariables.swift in Sources */,
				48937AE41D246B6300F31F34 /* ModelGarmentCollectionViewCell.swift in Sources */,
				48EA7D301D1D3C17005D6B81 /* loginPageViewController.swift in Sources */,
				482FE8081D2D3CF300B78B0C /* HipCell.swift in Sources */,
				482FE80B1D2D3CF300B78B0C /* QuestionsCollectionView.swift in Sources */,
				484BDA161D17CEE7002D287E /* UIDropDown.swift in Sources */,
				4815968B1D225A2F002F1D56 /* garmentCell.swift in Sources */,
				482FE80A1D2D3CF300B78B0C /* Model.swift in Sources */,
				4824689E1D154FB400DAB95C /* Just.swift in Sources */,
				AC94AD821B8E4174002D9AD2 /* View1.swift in Sources */,
				482FE8161D2FC59100B78B0C /* LaunchViewController.swift in Sources */,
				482FE80C1D2D3CF300B78B0C /* submitCell.swift in Sources */,
				AC94AD611B8E40BF002D9AD2 /* AppDelegate.swift in Sources */,
				48C2F4831D26502A00CEE0DD /* CollectionViewCell2.swift in Sources */,
				482FE8041D2D3CF300B78B0C /* complexionCell.swift in Sources */,
				48F058A71D450C4C002CE14B /* Prepopulated.swift in Sources */,
				AC94AD861B8E41A1002D9AD2 /* View2.swift in Sources */,
				48E8FF4F1D19403200506005 /* UIImage+ResizeAndCrop.swift in Sources */,
				48E554B21D4578E4009DF761 /* UPCarouselFlowLayout.swift in Sources */,
			);
			runOnlyForDeploymentPostprocessing = 0;
		};
		AC94AD6C1B8E40BF002D9AD2 /* Sources */ = {
			isa = PBXSourcesBuildPhase;
			buildActionMask = 2147483647;
			files = (
			);
			runOnlyForDeploymentPostprocessing = 0;
		};
/* End PBXSourcesBuildPhase section */

/* Begin PBXTargetDependency section */
		AC94AD721B8E40BF002D9AD2 /* PBXTargetDependency */ = {
			isa = PBXTargetDependency;
			target = AC94AD5A1B8E40BF002D9AD2 /* Udiva */;
			targetProxy = AC94AD711B8E40BF002D9AD2 /* PBXContainerItemProxy */;
		};
/* End PBXTargetDependency section */

/* Begin PBXVariantGroup section */
		AC94AD641B8E40BF002D9AD2 /* Main.storyboard */ = {
			isa = PBXVariantGroup;
			children = (
				AC94AD651B8E40BF002D9AD2 /* Base */,
			);
			name = Main.storyboard;
			sourceTree = "<group>";
		};
		AC94AD691B8E40BF002D9AD2 /* LaunchScreen.xib */ = {
			isa = PBXVariantGroup;
			children = (
				AC94AD6A1B8E40BF002D9AD2 /* Base */,
			);
			name = LaunchScreen.xib;
			sourceTree = "<group>";
		};
/* End PBXVariantGroup section */

/* Begin XCBuildConfiguration section */
		AC94AD781B8E40BF002D9AD2 /* Debug */ = {
			isa = XCBuildConfiguration;
			buildSettings = {
				ALWAYS_SEARCH_USER_PATHS = NO;
				CLANG_CXX_LANGUAGE_STANDARD = "gnu++0x";
				CLANG_CXX_LIBRARY = "libc++";
				CLANG_ENABLE_MODULES = YES;
				CLANG_ENABLE_OBJC_ARC = YES;
				CLANG_WARN_BOOL_CONVERSION = YES;
				CLANG_WARN_CONSTANT_CONVERSION = YES;
				CLANG_WARN_DIRECT_OBJC_ISA_USAGE = YES_ERROR;
				CLANG_WARN_EMPTY_BODY = YES;
				CLANG_WARN_ENUM_CONVERSION = YES;
				CLANG_WARN_INT_CONVERSION = YES;
				CLANG_WARN_OBJC_ROOT_CLASS = YES_ERROR;
				CLANG_WARN_UNREACHABLE_CODE = YES;
				CLANG_WARN__DUPLICATE_METHOD_MATCH = YES;
				"CODE_SIGN_IDENTITY[sdk=iphoneos*]" = "iPhone Developer";
				COPY_PHASE_STRIP = NO;
				DEBUG_INFORMATION_FORMAT = "dwarf-with-dsym";
				EMBEDDED_CONTENT_CONTAINS_SWIFT = YES;
				ENABLE_STRICT_OBJC_MSGSEND = YES;
				ENABLE_TESTABILITY = YES;
				GCC_C_LANGUAGE_STANDARD = gnu99;
				GCC_DYNAMIC_NO_PIC = NO;
				GCC_NO_COMMON_BLOCKS = YES;
				GCC_OPTIMIZATION_LEVEL = 0;
				GCC_PREPROCESSOR_DEFINITIONS = (
					"DEBUG=1",
					"$(inherited)",
				);
				GCC_SYMBOLS_PRIVATE_EXTERN = NO;
				GCC_WARN_64_TO_32_BIT_CONVERSION = YES;
				GCC_WARN_ABOUT_RETURN_TYPE = YES_ERROR;
				GCC_WARN_UNDECLARED_SELECTOR = YES;
				GCC_WARN_UNINITIALIZED_AUTOS = YES_AGGRESSIVE;
				GCC_WARN_UNUSED_FUNCTION = YES;
				GCC_WARN_UNUSED_VARIABLE = YES;
				IPHONEOS_DEPLOYMENT_TARGET = 8.4;
				MTL_ENABLE_DEBUG_INFO = YES;
				ONLY_ACTIVE_ARCH = YES;
				SDKROOT = iphoneos;
				SWIFT_OBJC_BRIDGING_HEADER = "/Users/unitedaditya/Downloads/SnapchatPhotosB-master/SnapchatCameraB/Udiva-Bridging-Header.h";
				SWIFT_OPTIMIZATION_LEVEL = "-Onone";
				TARGETED_DEVICE_FAMILY = "1,2";
			};
			name = Debug;
		};
		AC94AD791B8E40BF002D9AD2 /* Release */ = {
			isa = XCBuildConfiguration;
			buildSettings = {
				ALWAYS_SEARCH_USER_PATHS = NO;
				CLANG_CXX_LANGUAGE_STANDARD = "gnu++0x";
				CLANG_CXX_LIBRARY = "libc++";
				CLANG_ENABLE_MODULES = YES;
				CLANG_ENABLE_OBJC_ARC = YES;
				CLANG_WARN_BOOL_CONVERSION = YES;
				CLANG_WARN_CONSTANT_CONVERSION = YES;
				CLANG_WARN_DIRECT_OBJC_ISA_USAGE = YES_ERROR;
				CLANG_WARN_EMPTY_BODY = YES;
				CLANG_WARN_ENUM_CONVERSION = YES;
				CLANG_WARN_INT_CONVERSION = YES;
				CLANG_WARN_OBJC_ROOT_CLASS = YES_ERROR;
				CLANG_WARN_UNREACHABLE_CODE = YES;
				CLANG_WARN__DUPLICATE_METHOD_MATCH = YES;
				"CODE_SIGN_IDENTITY[sdk=iphoneos*]" = "iPhone Developer";
				COPY_PHASE_STRIP = NO;
				DEBUG_INFORMATION_FORMAT = "dwarf-with-dsym";
				EMBEDDED_CONTENT_CONTAINS_SWIFT = YES;
				ENABLE_NS_ASSERTIONS = NO;
				ENABLE_STRICT_OBJC_MSGSEND = YES;
				GCC_C_LANGUAGE_STANDARD = gnu99;
				GCC_NO_COMMON_BLOCKS = YES;
				GCC_WARN_64_TO_32_BIT_CONVERSION = YES;
				GCC_WARN_ABOUT_RETURN_TYPE = YES_ERROR;
				GCC_WARN_UNDECLARED_SELECTOR = YES;
				GCC_WARN_UNINITIALIZED_AUTOS = YES_AGGRESSIVE;
				GCC_WARN_UNUSED_FUNCTION = YES;
				GCC_WARN_UNUSED_VARIABLE = YES;
				IPHONEOS_DEPLOYMENT_TARGET = 8.4;
				MTL_ENABLE_DEBUG_INFO = NO;
				SDKROOT = iphoneos;
				SWIFT_OBJC_BRIDGING_HEADER = "/Users/unitedaditya/Downloads/SnapchatPhotosB-master/SnapchatCameraB/Udiva-Bridging-Header.h";
				TARGETED_DEVICE_FAMILY = "1,2";
				VALIDATE_PRODUCT = YES;
			};
			name = Release;
		};
		AC94AD7B1B8E40BF002D9AD2 /* Debug */ = {
			isa = XCBuildConfiguration;
			baseConfigurationReference = F499FC20BCC5C04F2C5B99A9 /* Pods-Udiva.debug.xcconfig */;
			buildSettings = {
				ASSETCATALOG_COMPILER_APPICON_NAME = AppIcon;
				CODE_SIGN_IDENTITY = "iPhone Developer";
				"CODE_SIGN_IDENTITY[sdk=iphoneos*]" = "iPhone Developer";
				FRAMEWORK_SEARCH_PATHS = (
					"$(inherited)",
					"$(PROJECT_DIR)",
				);
				INFOPLIST_FILE = SnapchatCamera/Info.plist;
				IPHONEOS_DEPLOYMENT_TARGET = 8.1;
				LD_RUNPATH_SEARCH_PATHS = "$(inherited) @executable_path/Frameworks";
				LIBRARY_SEARCH_PATHS = (
					"$(inherited)",
					"$(PROJECT_DIR)/SnapchatCamera/Cloudinary",
				);
				PRODUCT_BUNDLE_IDENTIFIER = in.Udiva.in;
				PRODUCT_NAME = Udiva;
				PROVISIONING_PROFILE = "";
				SWIFT_OBJC_BRIDGING_HEADER = "/Users/unitedaditya/Movies/UdivaCurrent/udivareborn/Udiva-Bridging-Header.h";
				TARGETED_DEVICE_FAMILY = 1;
			};
			name = Debug;
		};
		AC94AD7C1B8E40BF002D9AD2 /* Release */ = {
			isa = XCBuildConfiguration;
			baseConfigurationReference = C1BBC5E5DF8B2ADD28C56CBF /* Pods-Udiva.release.xcconfig */;
			buildSettings = {
				ASSETCATALOG_COMPILER_APPICON_NAME = AppIcon;
				CODE_SIGN_IDENTITY = "iPhone Developer";
				"CODE_SIGN_IDENTITY[sdk=iphoneos*]" = "iPhone Developer";
				FRAMEWORK_SEARCH_PATHS = (
					"$(inherited)",
					"$(PROJECT_DIR)",
				);
				INFOPLIST_FILE = SnapchatCamera/Info.plist;
				IPHONEOS_DEPLOYMENT_TARGET = 8.1;
				LD_RUNPATH_SEARCH_PATHS = "$(inherited) @executable_path/Frameworks";
				LIBRARY_SEARCH_PATHS = (
					"$(inherited)",
					"$(PROJECT_DIR)/SnapchatCamera/Cloudinary",
				);
				PRODUCT_BUNDLE_IDENTIFIER = in.Udiva.in;
				PRODUCT_NAME = Udiva;
				PROVISIONING_PROFILE = "";
				SWIFT_OBJC_BRIDGING_HEADER = "/Users/unitedaditya/Movies/UdivaCurrent/udivareborn/Udiva-Bridging-Header.h";
				TARGETED_DEVICE_FAMILY = 1;
			};
			name = Release;
		};
		AC94AD7E1B8E40BF002D9AD2 /* Debug */ = {
			isa = XCBuildConfiguration;
			baseConfigurationReference = 79DFE4608E7F88A59D399EE8 /* Pods-UdivaTests.debug.xcconfig */;
			buildSettings = {
				BUNDLE_LOADER = "$(TEST_HOST)";
				FRAMEWORK_SEARCH_PATHS = (
					"$(SDKROOT)/Developer/Library/Frameworks",
					"$(inherited)",
				);
				GCC_PREPROCESSOR_DEFINITIONS = (
					"DEBUG=1",
					"$(inherited)",
				);
				INFOPLIST_FILE = SnapchatCameraTests/Info.plist;
				LD_RUNPATH_SEARCH_PATHS = "$(inherited) @executable_path/Frameworks @loader_path/Frameworks";
				PRODUCT_NAME = Udiva;
				TEST_HOST = "$(BUILT_PRODUCTS_DIR)/Udiva.app/Udiva";
			};
			name = Debug;
		};
		AC94AD7F1B8E40BF002D9AD2 /* Release */ = {
			isa = XCBuildConfiguration;
			baseConfigurationReference = 9E3310E689755BA067720A65 /* Pods-UdivaTests.release.xcconfig */;
			buildSettings = {
				BUNDLE_LOADER = "$(TEST_HOST)";
				FRAMEWORK_SEARCH_PATHS = (
					"$(SDKROOT)/Developer/Library/Frameworks",
					"$(inherited)",
				);
				INFOPLIST_FILE = SnapchatCameraTests/Info.plist;
				LD_RUNPATH_SEARCH_PATHS = "$(inherited) @executable_path/Frameworks @loader_path/Frameworks";
				PRODUCT_NAME = Udiva;
				TEST_HOST = "$(BUILT_PRODUCTS_DIR)/Udiva.app/Udiva";
			};
			name = Release;
		};
/* End XCBuildConfiguration section */

/* Begin XCConfigurationList section */
		AC94AD561B8E40BF002D9AD2 /* Build configuration list for PBXProject "Udiva" */ = {
			isa = XCConfigurationList;
			buildConfigurations = (
				AC94AD781B8E40BF002D9AD2 /* Debug */,
				AC94AD791B8E40BF002D9AD2 /* Release */,
			);
			defaultConfigurationIsVisible = 0;
			defaultConfigurationName = Release;
		};
		AC94AD7A1B8E40BF002D9AD2 /* Build configuration list for PBXNativeTarget "Udiva" */ = {
			isa = XCConfigurationList;
			buildConfigurations = (
				AC94AD7B1B8E40BF002D9AD2 /* Debug */,
				AC94AD7C1B8E40BF002D9AD2 /* Release */,
			);
			defaultConfigurationIsVisible = 0;
			defaultConfigurationName = Release;
		};
		AC94AD7D1B8E40BF002D9AD2 /* Build configuration list for PBXNativeTarget "UdivaTests" */ = {
			isa = XCConfigurationList;
			buildConfigurations = (
				AC94AD7E1B8E40BF002D9AD2 /* Debug */,
				AC94AD7F1B8E40BF002D9AD2 /* Release */,
			);
			defaultConfigurationIsVisible = 0;
			defaultConfigurationName = Release;
		};
/* End XCConfigurationList section */
	};
	rootObject = AC94AD531B8E40BF002D9AD2 /* Project object */;
}
