<?xml version="1.0" encoding="UTF-8"?>
<!DOCTYPE plist PUBLIC "-//Apple//DTD PLIST 1.0//EN" "http://www.apple.com/DTDs/PropertyList-1.0.dtd">
<plist version="1.0">
<dict>
	<key>archiveVersion</key>
	<string>1</string>
	<key>classes</key>
	<dict/>
	<key>objectVersion</key>
	<string>46</string>
	<key>objects</key>
	<dict>
		<key>09165E18E1F6BE6BBE063B31</key>
		<dict>
			<key>buildActionMask</key>
			<string>2147483647</string>
			<key>files</key>
			<array/>
			<key>inputPaths</key>
			<array/>
			<key>isa</key>
			<string>PBXShellScriptBuildPhase</string>
			<key>name</key>
			<string>[CP] Check Pods Manifest.lock</string>
			<key>outputPaths</key>
			<array/>
			<key>runOnlyForDeploymentPostprocessing</key>
			<string>0</string>
			<key>shellPath</key>
			<string>/bin/sh</string>
			<key>shellScript</key>
			<string>diff "${PODS_ROOT}/../Podfile.lock" "${PODS_ROOT}/Manifest.lock" &gt; /dev/null
if [[ $? != 0 ]] ; then
    cat &lt;&lt; EOM
error: The sandbox is not in sync with the Podfile.lock. Run 'pod install' or update your CocoaPods installation.
EOM
    exit 1
fi
</string>
			<key>showEnvVarsInLog</key>
			<string>0</string>
		</dict>
		<key>2C84020A0DCAD507A178B360</key>
		<dict>
			<key>fileRef</key>
			<string>63AD7AA1DA568ECDF6CE05AE</string>
			<key>isa</key>
			<string>PBXBuildFile</string>
		</dict>
		<key>406B7D3689A94CBAD24EFD31</key>
		<dict>
			<key>children</key>
			<array>
				<string>D2083A03CF84A876E0B61FFD</string>
				<string>585C4B0287131D18DE428FA7</string>
				<string>C397AD770BECC04D0C1A90A4</string>
				<string>E7B65B016B7167B8D886E39D</string>
			</array>
			<key>isa</key>
			<string>PBXGroup</string>
			<key>name</key>
			<string>Pods</string>
			<key>sourceTree</key>
			<string>&lt;group&gt;</string>
		</dict>
		<key>4800F8701D231B7F00DB51DA</key>
		<dict>
			<key>fileEncoding</key>
			<string>4</string>
			<key>isa</key>
			<string>PBXFileReference</string>
			<key>lastKnownFileType</key>
			<string>sourcecode.swift</string>
			<key>path</key>
			<string>GlobalVariables.swift</string>
			<key>sourceTree</key>
			<string>&lt;group&gt;</string>
		</dict>
		<key>4800F8711D231B7F00DB51DA</key>
		<dict>
			<key>fileRef</key>
			<string>4800F8701D231B7F00DB51DA</string>
			<key>isa</key>
			<string>PBXBuildFile</string>
		</dict>
		<key>481596891D225A2F002F1D56</key>
		<dict>
			<key>fileEncoding</key>
			<string>4</string>
			<key>isa</key>
			<string>PBXFileReference</string>
			<key>lastKnownFileType</key>
			<string>sourcecode.swift</string>
			<key>path</key>
			<string>garmentCell.swift</string>
			<key>sourceTree</key>
			<string>&lt;group&gt;</string>
		</dict>
		<key>4815968A1D225A2F002F1D56</key>
		<dict>
			<key>fileEncoding</key>
			<string>4</string>
			<key>isa</key>
			<string>PBXFileReference</string>
			<key>lastKnownFileType</key>
			<string>file.xib</string>
			<key>path</key>
			<string>garmentCell.xib</string>
			<key>sourceTree</key>
			<string>&lt;group&gt;</string>
		</dict>
		<key>4815968B1D225A2F002F1D56</key>
		<dict>
			<key>fileRef</key>
			<string>481596891D225A2F002F1D56</string>
			<key>isa</key>
			<string>PBXBuildFile</string>
		</dict>
		<key>4815968C1D225A2F002F1D56</key>
		<dict>
			<key>fileRef</key>
			<string>4815968A1D225A2F002F1D56</string>
			<key>isa</key>
			<string>PBXBuildFile</string>
		</dict>
		<key>4815968D1D229E5C002F1D56</key>
		<dict>
			<key>children</key>
			<array>
				<string>4800F8701D231B7F00DB51DA</string>
			</array>
			<key>isa</key>
			<string>PBXGroup</string>
			<key>name</key>
			<string>Global Data</string>
			<key>sourceTree</key>
			<string>&lt;group&gt;</string>
		</dict>
		<key>4824689D1D154FB400DAB95C</key>
		<dict>
			<key>fileEncoding</key>
			<string>4</string>
			<key>isa</key>
			<string>PBXFileReference</string>
			<key>lastKnownFileType</key>
			<string>sourcecode.swift</string>
			<key>name</key>
			<string>Just.swift</string>
			<key>path</key>
			<string>../Just.swift</string>
			<key>sourceTree</key>
			<string>&lt;group&gt;</string>
		</dict>
		<key>4824689E1D154FB400DAB95C</key>
		<dict>
			<key>fileRef</key>
			<string>4824689D1D154FB400DAB95C</string>
			<key>isa</key>
			<string>PBXBuildFile</string>
		</dict>
		<key>482FE7F51D2D3CE300B78B0C</key>
		<dict>
			<key>children</key>
			<array>
				<string>482FE7F61D2D3CF300B78B0C</string>
				<string>482FE7F71D2D3CF300B78B0C</string>
				<string>482FE7F81D2D3CF300B78B0C</string>
				<string>482FE7F91D2D3CF300B78B0C</string>
				<string>482FE7FA1D2D3CF300B78B0C</string>
				<string>482FE7FB1D2D3CF300B78B0C</string>
				<string>482FE80E1D2D3D4600B78B0C</string>
				<string>482FE80F1D2D3D4600B78B0C</string>
				<string>482FE7FC1D2D3CF300B78B0C</string>
				<string>482FE7FD1D2D3CF300B78B0C</string>
				<string>482FE7FE1D2D3CF300B78B0C</string>
				<string>482FE7FF1D2D3CF300B78B0C</string>
				<string>482FE8001D2D3CF300B78B0C</string>
				<string>482FE8011D2D3CF300B78B0C</string>
				<string>482FE8121D2E9E1B00B78B0C</string>
			</array>
			<key>isa</key>
			<string>PBXGroup</string>
			<key>name</key>
			<string>Model Questions</string>
			<key>sourceTree</key>
			<string>&lt;group&gt;</string>
		</dict>
		<key>482FE7F61D2D3CF300B78B0C</key>
		<dict>
			<key>fileEncoding</key>
			<string>4</string>
			<key>isa</key>
			<string>PBXFileReference</string>
			<key>lastKnownFileType</key>
			<string>sourcecode.swift</string>
			<key>path</key>
			<string>BustCell.swift</string>
			<key>sourceTree</key>
			<string>&lt;group&gt;</string>
		</dict>
		<key>482FE7F71D2D3CF300B78B0C</key>
		<dict>
			<key>fileEncoding</key>
			<string>4</string>
			<key>isa</key>
			<string>PBXFileReference</string>
			<key>lastKnownFileType</key>
			<string>file.xib</string>
			<key>path</key>
			<string>BustCell.xib</string>
			<key>sourceTree</key>
			<string>&lt;group&gt;</string>
		</dict>
		<key>482FE7F81D2D3CF300B78B0C</key>
		<dict>
			<key>fileEncoding</key>
			<string>4</string>
			<key>isa</key>
			<string>PBXFileReference</string>
			<key>lastKnownFileType</key>
			<string>sourcecode.swift</string>
			<key>path</key>
			<string>complexionCell.swift</string>
			<key>sourceTree</key>
			<string>&lt;group&gt;</string>
		</dict>
		<key>482FE7F91D2D3CF300B78B0C</key>
		<dict>
			<key>fileEncoding</key>
			<string>4</string>
			<key>isa</key>
			<string>PBXFileReference</string>
			<key>lastKnownFileType</key>
			<string>file.xib</string>
			<key>path</key>
			<string>complexionCell.xib</string>
			<key>sourceTree</key>
			<string>&lt;group&gt;</string>
		</dict>
		<key>482FE7FA1D2D3CF300B78B0C</key>
		<dict>
			<key>fileEncoding</key>
			<string>4</string>
			<key>isa</key>
			<string>PBXFileReference</string>
			<key>lastKnownFileType</key>
			<string>sourcecode.swift</string>
			<key>path</key>
			<string>HeightCell.swift</string>
			<key>sourceTree</key>
			<string>&lt;group&gt;</string>
		</dict>
		<key>482FE7FB1D2D3CF300B78B0C</key>
		<dict>
			<key>fileEncoding</key>
			<string>4</string>
			<key>isa</key>
			<string>PBXFileReference</string>
			<key>lastKnownFileType</key>
			<string>file.xib</string>
			<key>path</key>
			<string>HeightCell.xib</string>
			<key>sourceTree</key>
			<string>&lt;group&gt;</string>
		</dict>
		<key>482FE7FC1D2D3CF300B78B0C</key>
		<dict>
			<key>fileEncoding</key>
			<string>4</string>
			<key>isa</key>
			<string>PBXFileReference</string>
			<key>lastKnownFileType</key>
			<string>sourcecode.swift</string>
			<key>path</key>
			<string>HipCell.swift</string>
			<key>sourceTree</key>
			<string>&lt;group&gt;</string>
		</dict>
		<key>482FE7FD1D2D3CF300B78B0C</key>
		<dict>
			<key>fileEncoding</key>
			<string>4</string>
			<key>isa</key>
			<string>PBXFileReference</string>
			<key>lastKnownFileType</key>
			<string>file.xib</string>
			<key>path</key>
			<string>HipCell.xib</string>
			<key>sourceTree</key>
			<string>&lt;group&gt;</string>
		</dict>
		<key>482FE7FE1D2D3CF300B78B0C</key>
		<dict>
			<key>fileEncoding</key>
			<string>4</string>
			<key>isa</key>
			<string>PBXFileReference</string>
			<key>lastKnownFileType</key>
			<string>sourcecode.swift</string>
			<key>path</key>
			<string>Model.swift</string>
			<key>sourceTree</key>
			<string>&lt;group&gt;</string>
		</dict>
		<key>482FE7FF1D2D3CF300B78B0C</key>
		<dict>
			<key>fileEncoding</key>
			<string>4</string>
			<key>isa</key>
			<string>PBXFileReference</string>
			<key>lastKnownFileType</key>
			<string>sourcecode.swift</string>
			<key>path</key>
			<string>QuestionsCollectionView.swift</string>
			<key>sourceTree</key>
			<string>&lt;group&gt;</string>
		</dict>
		<key>482FE8001D2D3CF300B78B0C</key>
		<dict>
			<key>fileEncoding</key>
			<string>4</string>
			<key>isa</key>
			<string>PBXFileReference</string>
			<key>lastKnownFileType</key>
			<string>sourcecode.swift</string>
			<key>path</key>
			<string>submitCell.swift</string>
			<key>sourceTree</key>
			<string>&lt;group&gt;</string>
		</dict>
		<key>482FE8011D2D3CF300B78B0C</key>
		<dict>
			<key>fileEncoding</key>
			<string>4</string>
			<key>isa</key>
			<string>PBXFileReference</string>
			<key>lastKnownFileType</key>
			<string>file.xib</string>
			<key>path</key>
			<string>submitCell.xib</string>
			<key>sourceTree</key>
			<string>&lt;group&gt;</string>
		</dict>
		<key>482FE8021D2D3CF300B78B0C</key>
		<dict>
			<key>fileRef</key>
			<string>482FE7F61D2D3CF300B78B0C</string>
			<key>isa</key>
			<string>PBXBuildFile</string>
		</dict>
		<key>482FE8031D2D3CF300B78B0C</key>
		<dict>
			<key>fileRef</key>
			<string>482FE7F71D2D3CF300B78B0C</string>
			<key>isa</key>
			<string>PBXBuildFile</string>
		</dict>
		<key>482FE8041D2D3CF300B78B0C</key>
		<dict>
			<key>fileRef</key>
			<string>482FE7F81D2D3CF300B78B0C</string>
			<key>isa</key>
			<string>PBXBuildFile</string>
		</dict>
		<key>482FE8051D2D3CF300B78B0C</key>
		<dict>
			<key>fileRef</key>
			<string>482FE7F91D2D3CF300B78B0C</string>
			<key>isa</key>
			<string>PBXBuildFile</string>
		</dict>
		<key>482FE8061D2D3CF300B78B0C</key>
		<dict>
			<key>fileRef</key>
			<string>482FE7FA1D2D3CF300B78B0C</string>
			<key>isa</key>
			<string>PBXBuildFile</string>
		</dict>
		<key>482FE8071D2D3CF300B78B0C</key>
		<dict>
			<key>fileRef</key>
			<string>482FE7FB1D2D3CF300B78B0C</string>
			<key>isa</key>
			<string>PBXBuildFile</string>
		</dict>
		<key>482FE8081D2D3CF300B78B0C</key>
		<dict>
			<key>fileRef</key>
			<string>482FE7FC1D2D3CF300B78B0C</string>
			<key>isa</key>
			<string>PBXBuildFile</string>
		</dict>
		<key>482FE8091D2D3CF300B78B0C</key>
		<dict>
			<key>fileRef</key>
			<string>482FE7FD1D2D3CF300B78B0C</string>
			<key>isa</key>
			<string>PBXBuildFile</string>
		</dict>
		<key>482FE80A1D2D3CF300B78B0C</key>
		<dict>
			<key>fileRef</key>
			<string>482FE7FE1D2D3CF300B78B0C</string>
			<key>isa</key>
			<string>PBXBuildFile</string>
		</dict>
		<key>482FE80B1D2D3CF300B78B0C</key>
		<dict>
			<key>fileRef</key>
			<string>482FE7FF1D2D3CF300B78B0C</string>
			<key>isa</key>
			<string>PBXBuildFile</string>
		</dict>
		<key>482FE80C1D2D3CF300B78B0C</key>
		<dict>
			<key>fileRef</key>
			<string>482FE8001D2D3CF300B78B0C</string>
			<key>isa</key>
			<string>PBXBuildFile</string>
		</dict>
		<key>482FE80D1D2D3CF300B78B0C</key>
		<dict>
			<key>fileRef</key>
			<string>482FE8011D2D3CF300B78B0C</string>
			<key>isa</key>
			<string>PBXBuildFile</string>
		</dict>
		<key>482FE80E1D2D3D4600B78B0C</key>
		<dict>
			<key>fileEncoding</key>
			<string>4</string>
			<key>isa</key>
			<string>PBXFileReference</string>
			<key>lastKnownFileType</key>
			<string>sourcecode.swift</string>
			<key>path</key>
			<string>WaistCell.swift</string>
			<key>sourceTree</key>
			<string>&lt;group&gt;</string>
		</dict>
		<key>482FE80F1D2D3D4600B78B0C</key>
		<dict>
			<key>fileEncoding</key>
			<string>4</string>
			<key>isa</key>
			<string>PBXFileReference</string>
			<key>lastKnownFileType</key>
			<string>file.xib</string>
			<key>path</key>
			<string>WaistCell.xib</string>
			<key>sourceTree</key>
			<string>&lt;group&gt;</string>
		</dict>
		<key>482FE8101D2D3D4600B78B0C</key>
		<dict>
			<key>fileRef</key>
			<string>482FE80E1D2D3D4600B78B0C</string>
			<key>isa</key>
			<string>PBXBuildFile</string>
		</dict>
		<key>482FE8111D2D3D4600B78B0C</key>
		<dict>
			<key>fileRef</key>
			<string>482FE80F1D2D3D4600B78B0C</string>
			<key>isa</key>
			<string>PBXBuildFile</string>
		</dict>
		<key>482FE8121D2E9E1B00B78B0C</key>
		<dict>
			<key>fileEncoding</key>
			<string>4</string>
			<key>isa</key>
			<string>PBXFileReference</string>
			<key>lastKnownFileType</key>
			<string>sourcecode.swift</string>
			<key>path</key>
			<string>QuestionViewController.swift</string>
			<key>sourceTree</key>
			<string>&lt;group&gt;</string>
		</dict>
		<key>482FE8131D2E9E1B00B78B0C</key>
		<dict>
			<key>fileRef</key>
			<string>482FE8121D2E9E1B00B78B0C</string>
			<key>isa</key>
			<string>PBXBuildFile</string>
		</dict>
		<key>482FE8141D2FC57E00B78B0C</key>
		<dict>
			<key>children</key>
			<array>
				<string>482FE8151D2FC59100B78B0C</string>
				<string>48D7A72A1D41C6380099F8E7</string>
				<string>48D7A72C1D41C6B00099F8E7</string>
			</array>
			<key>isa</key>
			<string>PBXGroup</string>
			<key>name</key>
			<string>Launch</string>
			<key>sourceTree</key>
			<string>&lt;group&gt;</string>
		</dict>
		<key>482FE8151D2FC59100B78B0C</key>
		<dict>
			<key>fileEncoding</key>
			<string>4</string>
			<key>isa</key>
			<string>PBXFileReference</string>
			<key>lastKnownFileType</key>
			<string>sourcecode.swift</string>
			<key>path</key>
			<string>LaunchViewController.swift</string>
			<key>sourceTree</key>
			<string>&lt;group&gt;</string>
		</dict>
		<key>482FE8161D2FC59100B78B0C</key>
		<dict>
			<key>fileRef</key>
			<string>482FE8151D2FC59100B78B0C</string>
			<key>isa</key>
			<string>PBXBuildFile</string>
		</dict>
		<key>483575011D128D7000A0AEBE</key>
		<dict>
			<key>isa</key>
			<string>PBXFileReference</string>
			<key>lastKnownFileType</key>
			<string>wrapper.framework</string>
			<key>name</key>
			<string>Mixpanel.framework</string>
			<key>path</key>
			<string>../../../Library/Developer/Xcode/DerivedData/Udiva-csqxvkfllsiotabbolfobeiborop/Build/Products/Debug-iphoneos/Mixpanel.framework</string>
			<key>sourceTree</key>
			<string>&lt;group&gt;</string>
		</dict>
		<key>483575021D128D7000A0AEBE</key>
		<dict>
			<key>fileRef</key>
			<string>483575011D128D7000A0AEBE</string>
			<key>isa</key>
			<string>PBXBuildFile</string>
		</dict>
		<key>483575031D128DE500A0AEBE</key>
		<dict>
			<key>isa</key>
			<string>PBXFileReference</string>
			<key>lastKnownFileType</key>
			<string>sourcecode.c.h</string>
			<key>path</key>
			<string>Udiva-Bridging-Header.h</string>
			<key>sourceTree</key>
			<string>&lt;group&gt;</string>
		</dict>
		<key>483575071D12984100A0AEBE</key>
		<dict>
			<key>children</key>
			<array>
				<string>AC94AD811B8E4174002D9AD2</string>
				<string>AC94AD851B8E41A1002D9AD2</string>
				<string>AC94AD8B1B8E436D002D9AD2</string>
				<string>AC94AD641B8E40BF002D9AD2</string>
				<string>48DAA8C11D12C56300494180</string>
			</array>
			<key>isa</key>
			<string>PBXGroup</string>
			<key>name</key>
			<string>View</string>
			<key>sourceTree</key>
			<string>&lt;group&gt;</string>
		</dict>
		<key>483575091D12986B00A0AEBE</key>
		<dict>
			<key>children</key>
			<array>
				<string>AC94AD621B8E40BF002D9AD2</string>
				<string>AC94AD801B8E4174002D9AD2</string>
				<string>AC94AD841B8E41A1002D9AD2</string>
				<string>AC94AD8A1B8E436D002D9AD2</string>
				<string>48DAA8C31D12C59300494180</string>
			</array>
			<key>isa</key>
			<string>PBXGroup</string>
			<key>name</key>
			<string>Controller</string>
			<key>sourceTree</key>
			<string>&lt;group&gt;</string>
		</dict>
		<key>484BDA151D17CEE7002D287E</key>
		<dict>
			<key>fileEncoding</key>
			<string>4</string>
			<key>isa</key>
			<string>PBXFileReference</string>
			<key>lastKnownFileType</key>
			<string>sourcecode.swift</string>
			<key>name</key>
			<string>UIDropDown.swift</string>
			<key>path</key>
			<string>../UIDropDown.swift</string>
			<key>sourceTree</key>
			<string>&lt;group&gt;</string>
		</dict>
		<key>484BDA161D17CEE7002D287E</key>
		<dict>
			<key>fileRef</key>
			<string>484BDA151D17CEE7002D287E</string>
			<key>isa</key>
			<string>PBXBuildFile</string>
		</dict>
		<key>488C9A371D2A4FB60014B992</key>
		<dict>
			<key>children</key>
			<array>
				<string>488C9A381D2A4FD40014B992</string>
				<string>488C9A3A1D2A4FF40014B992</string>
			</array>
			<key>isa</key>
			<string>PBXGroup</string>
			<key>name</key>
			<string>Premium</string>
			<key>sourceTree</key>
			<string>&lt;group&gt;</string>
		</dict>
		<key>488C9A381D2A4FD40014B992</key>
		<dict>
			<key>fileEncoding</key>
			<string>4</string>
			<key>isa</key>
			<string>PBXFileReference</string>
			<key>lastKnownFileType</key>
			<string>sourcecode.swift</string>
			<key>path</key>
			<string>PremiumView.swift</string>
			<key>sourceTree</key>
			<string>&lt;group&gt;</string>
		</dict>
		<key>488C9A391D2A4FD40014B992</key>
		<dict>
			<key>fileRef</key>
			<string>488C9A381D2A4FD40014B992</string>
			<key>isa</key>
			<string>PBXBuildFile</string>
		</dict>
		<key>488C9A3A1D2A4FF40014B992</key>
		<dict>
			<key>fileEncoding</key>
			<string>4</string>
			<key>isa</key>
			<string>PBXFileReference</string>
			<key>lastKnownFileType</key>
			<string>file.xib</string>
			<key>path</key>
			<string>PremiumView.xib</string>
			<key>sourceTree</key>
			<string>&lt;group&gt;</string>
		</dict>
		<key>488C9A3B1D2A4FF40014B992</key>
		<dict>
			<key>fileRef</key>
			<string>488C9A3A1D2A4FF40014B992</string>
			<key>isa</key>
			<string>PBXBuildFile</string>
		</dict>
		<key>48937AE21D246B6300F31F34</key>
		<dict>
			<key>fileEncoding</key>
			<string>4</string>
			<key>isa</key>
			<string>PBXFileReference</string>
			<key>lastKnownFileType</key>
			<string>sourcecode.swift</string>
			<key>path</key>
			<string>ModelGarmentCollectionViewCell.swift</string>
			<key>sourceTree</key>
			<string>&lt;group&gt;</string>
		</dict>
		<key>48937AE31D246B6300F31F34</key>
		<dict>
			<key>fileEncoding</key>
			<string>4</string>
			<key>isa</key>
			<string>PBXFileReference</string>
			<key>lastKnownFileType</key>
			<string>file.xib</string>
			<key>path</key>
			<string>ModelGarmentCollectionViewCell.xib</string>
			<key>sourceTree</key>
			<string>&lt;group&gt;</string>
		</dict>
		<key>48937AE41D246B6300F31F34</key>
		<dict>
			<key>fileRef</key>
			<string>48937AE21D246B6300F31F34</string>
			<key>isa</key>
			<string>PBXBuildFile</string>
		</dict>
		<key>48937AE51D246B6300F31F34</key>
		<dict>
			<key>fileRef</key>
			<string>48937AE31D246B6300F31F34</string>
			<key>isa</key>
			<string>PBXBuildFile</string>
		</dict>
		<key>48C2F47A1D264D0400CEE0DD</key>
		<dict>
			<key>children</key>
			<array>
				<string>48D6313D1D2154C600F4905B</string>
				<string>48D631451D218FC700F4905B</string>
				<string>481596891D225A2F002F1D56</string>
				<string>4815968A1D225A2F002F1D56</string>
			</array>
			<key>isa</key>
			<string>PBXGroup</string>
			<key>name</key>
			<string>TableviewCell1</string>
			<key>sourceTree</key>
			<string>&lt;group&gt;</string>
		</dict>
		<key>48C2F47B1D264D1F00CEE0DD</key>
		<dict>
			<key>children</key>
			<array>
				<string>48C2F47D1D264EE800CEE0DD</string>
				<string>48C2F47E1D264EE800CEE0DD</string>
				<string>48C2F4811D26502A00CEE0DD</string>
				<string>48C2F4821D26502A00CEE0DD</string>
			</array>
			<key>isa</key>
			<string>PBXGroup</string>
			<key>name</key>
			<string>TableViewCell2</string>
			<key>sourceTree</key>
			<string>&lt;group&gt;</string>
		</dict>
		<key>48C2F47C1D264D3C00CEE0DD</key>
		<dict>
			<key>children</key>
			<array>
				<string>48937AE21D246B6300F31F34</string>
				<string>48937AE31D246B6300F31F34</string>
			</array>
			<key>isa</key>
			<string>PBXGroup</string>
			<key>name</key>
			<string>View3CollectionView</string>
			<key>sourceTree</key>
			<string>&lt;group&gt;</string>
		</dict>
		<key>48C2F47D1D264EE800CEE0DD</key>
		<dict>
			<key>fileEncoding</key>
			<string>4</string>
			<key>isa</key>
			<string>PBXFileReference</string>
			<key>lastKnownFileType</key>
			<string>sourcecode.swift</string>
			<key>path</key>
			<string>TableViewCell2.swift</string>
			<key>sourceTree</key>
			<string>&lt;group&gt;</string>
		</dict>
		<key>48C2F47E1D264EE800CEE0DD</key>
		<dict>
			<key>fileEncoding</key>
			<string>4</string>
			<key>isa</key>
			<string>PBXFileReference</string>
			<key>lastKnownFileType</key>
			<string>file.xib</string>
			<key>path</key>
			<string>TableViewCell2.xib</string>
			<key>sourceTree</key>
			<string>&lt;group&gt;</string>
		</dict>
		<key>48C2F47F1D264EE800CEE0DD</key>
		<dict>
			<key>fileRef</key>
			<string>48C2F47D1D264EE800CEE0DD</string>
			<key>isa</key>
			<string>PBXBuildFile</string>
		</dict>
		<key>48C2F4801D264EE800CEE0DD</key>
		<dict>
			<key>fileRef</key>
			<string>48C2F47E1D264EE800CEE0DD</string>
			<key>isa</key>
			<string>PBXBuildFile</string>
		</dict>
		<key>48C2F4811D26502A00CEE0DD</key>
		<dict>
			<key>fileEncoding</key>
			<string>4</string>
			<key>isa</key>
			<string>PBXFileReference</string>
			<key>lastKnownFileType</key>
			<string>sourcecode.swift</string>
			<key>path</key>
			<string>CollectionViewCell2.swift</string>
			<key>sourceTree</key>
			<string>&lt;group&gt;</string>
		</dict>
		<key>48C2F4821D26502A00CEE0DD</key>
		<dict>
			<key>fileEncoding</key>
			<string>4</string>
			<key>isa</key>
			<string>PBXFileReference</string>
			<key>lastKnownFileType</key>
			<string>file.xib</string>
			<key>path</key>
			<string>CollectionViewCell2.xib</string>
			<key>sourceTree</key>
			<string>&lt;group&gt;</string>
		</dict>
		<key>48C2F4831D26502A00CEE0DD</key>
		<dict>
			<key>fileRef</key>
			<string>48C2F4811D26502A00CEE0DD</string>
			<key>isa</key>
			<string>PBXBuildFile</string>
		</dict>
		<key>48C2F4841D26502A00CEE0DD</key>
		<dict>
			<key>fileRef</key>
			<string>48C2F4821D26502A00CEE0DD</string>
			<key>isa</key>
			<string>PBXBuildFile</string>
		</dict>
		<key>48D6313C1D2154AD00F4905B</key>
		<dict>
			<key>children</key>
			<array>
				<string>48C2F47C1D264D3C00CEE0DD</string>
				<string>48C2F47A1D264D0400CEE0DD</string>
				<string>48C2F47B1D264D1F00CEE0DD</string>
			</array>
			<key>isa</key>
			<string>PBXGroup</string>
			<key>name</key>
			<string>TableViewFiles</string>
			<key>sourceTree</key>
			<string>&lt;group&gt;</string>
		</dict>
		<key>48D6313D1D2154C600F4905B</key>
		<dict>
			<key>fileEncoding</key>
			<string>4</string>
			<key>isa</key>
			<string>PBXFileReference</string>
			<key>lastKnownFileType</key>
			<string>sourcecode.swift</string>
			<key>path</key>
			<string>CategoryRow.swift</string>
			<key>sourceTree</key>
			<string>&lt;group&gt;</string>
		</dict>
		<key>48D6313E1D2154C600F4905B</key>
		<dict>
			<key>fileRef</key>
			<string>48D6313D1D2154C600F4905B</string>
			<key>isa</key>
			<string>PBXBuildFile</string>
		</dict>
		<key>48D631451D218FC700F4905B</key>
		<dict>
			<key>fileEncoding</key>
			<string>4</string>
			<key>isa</key>
			<string>PBXFileReference</string>
			<key>lastKnownFileType</key>
			<string>file.xib</string>
			<key>path</key>
			<string>CategoryRow.xib</string>
			<key>sourceTree</key>
			<string>&lt;group&gt;</string>
		</dict>
		<key>48D631461D218FC700F4905B</key>
		<dict>
			<key>fileRef</key>
			<string>48D631451D218FC700F4905B</string>
			<key>isa</key>
			<string>PBXBuildFile</string>
		</dict>
		<key>48D7A72A1D41C6380099F8E7</key>
		<dict>
			<key>fileEncoding</key>
			<string>4</string>
			<key>isa</key>
			<string>PBXFileReference</string>
			<key>lastKnownFileType</key>
			<string>file.xib</string>
			<key>path</key>
			<string>LaunchScreen.xib</string>
			<key>sourceTree</key>
			<string>&lt;group&gt;</string>
		</dict>
		<key>48D7A72B1D41C6380099F8E7</key>
		<dict>
			<key>fileRef</key>
			<string>48D7A72A1D41C6380099F8E7</string>
			<key>isa</key>
			<string>PBXBuildFile</string>
		</dict>
		<key>48D7A72C1D41C6B00099F8E7</key>
		<dict>
			<key>fileEncoding</key>
			<string>4</string>
			<key>isa</key>
			<string>PBXFileReference</string>
			<key>lastKnownFileType</key>
			<string>sourcecode.swift</string>
			<key>path</key>
			<string>LaunchScreen.swift</string>
			<key>sourceTree</key>
			<string>&lt;group&gt;</string>
		</dict>
		<key>48D7A72D1D41C6B00099F8E7</key>
		<dict>
			<key>fileRef</key>
			<string>48D7A72C1D41C6B00099F8E7</string>
			<key>isa</key>
			<string>PBXBuildFile</string>
		</dict>
		<key>48DAA8C11D12C56300494180</key>
		<dict>
			<key>fileEncoding</key>
			<string>4</string>
			<key>isa</key>
			<string>PBXFileReference</string>
			<key>lastKnownFileType</key>
			<string>file.xib</string>
			<key>path</key>
			<string>nn.xib</string>
			<key>sourceTree</key>
			<string>&lt;group&gt;</string>
		</dict>
		<key>48DAA8C21D12C56300494180</key>
		<dict>
			<key>fileRef</key>
			<string>48DAA8C11D12C56300494180</string>
			<key>isa</key>
			<string>PBXBuildFile</string>
		</dict>
		<key>48DAA8C31D12C59300494180</key>
		<dict>
			<key>fileEncoding</key>
			<string>4</string>
			<key>isa</key>
			<string>PBXFileReference</string>
			<key>lastKnownFileType</key>
			<string>sourcecode.swift</string>
			<key>path</key>
			<string>nn.swift</string>
			<key>sourceTree</key>
			<string>&lt;group&gt;</string>
		</dict>
		<key>48DAA8C41D12C59300494180</key>
		<dict>
			<key>fileRef</key>
			<string>48DAA8C31D12C59300494180</string>
			<key>isa</key>
			<string>PBXBuildFile</string>
		</dict>
		<key>48E554B01D4578E4009DF761</key>
		<dict>
			<key>children</key>
			<array>
				<string>48E554B11D4578E4009DF761</string>
			</array>
			<key>isa</key>
			<string>PBXGroup</string>
			<key>path</key>
			<string>UPCarouselFlowLayout</string>
			<key>sourceTree</key>
			<string>&lt;group&gt;</string>
		</dict>
		<key>48E554B11D4578E4009DF761</key>
		<dict>
			<key>fileEncoding</key>
			<string>4</string>
			<key>isa</key>
			<string>PBXFileReference</string>
			<key>lastKnownFileType</key>
			<string>sourcecode.swift</string>
			<key>path</key>
			<string>UPCarouselFlowLayout.swift</string>
			<key>sourceTree</key>
			<string>&lt;group&gt;</string>
		</dict>
		<key>48E554B21D4578E4009DF761</key>
		<dict>
			<key>fileRef</key>
			<string>48E554B11D4578E4009DF761</string>
			<key>isa</key>
			<string>PBXBuildFile</string>
		</dict>
		<key>48E8FF4E1D19403200506005</key>
		<dict>
			<key>fileEncoding</key>
			<string>4</string>
			<key>isa</key>
			<string>PBXFileReference</string>
			<key>lastKnownFileType</key>
			<string>sourcecode.swift</string>
			<key>name</key>
			<string>UIImage+ResizeAndCrop.swift</string>
			<key>path</key>
			<string>../UIImage+ResizeAndCrop.swift</string>
			<key>sourceTree</key>
			<string>&lt;group&gt;</string>
		</dict>
		<key>48E8FF4F1D19403200506005</key>
		<dict>
			<key>fileRef</key>
			<string>48E8FF4E1D19403200506005</string>
			<key>isa</key>
			<string>PBXBuildFile</string>
		</dict>
		<key>48E98D9E1D484F37002E4266</key>
		<dict>
			<key>children</key>
			<array>
				<string>48E98D9F1D484F53002E4266</string>
				<string>48E98DA11D484F69002E4266</string>
			</array>
			<key>isa</key>
			<string>PBXGroup</string>
			<key>name</key>
			<string>setting wardrobe</string>
			<key>sourceTree</key>
			<string>&lt;group&gt;</string>
		</dict>
		<key>48E98D9F1D484F53002E4266</key>
		<dict>
			<key>fileEncoding</key>
			<string>4</string>
			<key>isa</key>
			<string>PBXFileReference</string>
			<key>lastKnownFileType</key>
			<string>file.xib</string>
			<key>path</key>
			<string>settingWardrobe.xib</string>
			<key>sourceTree</key>
			<string>&lt;group&gt;</string>
		</dict>
		<key>48E98DA01D484F53002E4266</key>
		<dict>
			<key>fileRef</key>
			<string>48E98D9F1D484F53002E4266</string>
			<key>isa</key>
			<string>PBXBuildFile</string>
		</dict>
		<key>48E98DA11D484F69002E4266</key>
		<dict>
			<key>fileEncoding</key>
			<string>4</string>
			<key>isa</key>
			<string>PBXFileReference</string>
			<key>lastKnownFileType</key>
			<string>sourcecode.swift</string>
			<key>path</key>
			<string>settingWardrobe.swift</string>
			<key>sourceTree</key>
			<string>&lt;group&gt;</string>
		</dict>
		<key>48E98DA21D484F69002E4266</key>
		<dict>
			<key>fileRef</key>
			<string>48E98DA11D484F69002E4266</string>
			<key>isa</key>
			<string>PBXBuildFile</string>
		</dict>
		<key>48EA7D261D1D2195005D6B81</key>
		<dict>
			<key>children</key>
			<array>
				<string>484BDA151D17CEE7002D287E</string>
				<string>48EA7D271D1D2195005D6B81</string>
				<string>48EA7D281D1D2195005D6B81</string>
				<string>48EC04731D16A99C00026584</string>
				<string>48E8FF4E1D19403200506005</string>
				<string>4824689D1D154FB400DAB95C</string>
			</array>
			<key>isa</key>
			<string>PBXGroup</string>
			<key>path</key>
			<string>Libs</string>
			<key>sourceTree</key>
			<string>&lt;group&gt;</string>
		</dict>
		<key>48EA7D271D1D2195005D6B81</key>
		<dict>
			<key>fileEncoding</key>
			<string>4</string>
			<key>isa</key>
			<string>PBXFileReference</string>
			<key>lastKnownFileType</key>
			<string>sourcecode.swift</string>
			<key>path</key>
			<string>BWWalkthroughPageViewController.swift</string>
			<key>sourceTree</key>
			<string>&lt;group&gt;</string>
		</dict>
		<key>48EA7D281D1D2195005D6B81</key>
		<dict>
			<key>fileEncoding</key>
			<string>4</string>
			<key>isa</key>
			<string>PBXFileReference</string>
			<key>lastKnownFileType</key>
			<string>sourcecode.swift</string>
			<key>path</key>
			<string>BWWalkthroughViewController.swift</string>
			<key>sourceTree</key>
			<string>&lt;group&gt;</string>
		</dict>
		<key>48EA7D291D1D2195005D6B81</key>
		<dict>
			<key>fileRef</key>
			<string>48EA7D271D1D2195005D6B81</string>
			<key>isa</key>
			<string>PBXBuildFile</string>
		</dict>
		<key>48EA7D2A1D1D2195005D6B81</key>
		<dict>
			<key>fileRef</key>
			<string>48EA7D281D1D2195005D6B81</string>
			<key>isa</key>
			<string>PBXBuildFile</string>
		</dict>
		<key>48EA7D2B1D1D23FE005D6B81</key>
		<dict>
			<key>children</key>
			<array>
				<string>48EA7D2C1D1D2419005D6B81</string>
				<string>48EA7D261D1D2195005D6B81</string>
			</array>
			<key>isa</key>
			<string>PBXGroup</string>
			<key>name</key>
			<string>walkthrough</string>
			<key>sourceTree</key>
			<string>&lt;group&gt;</string>
		</dict>
		<key>48EA7D2C1D1D2419005D6B81</key>
		<dict>
			<key>fileEncoding</key>
			<string>4</string>
			<key>isa</key>
			<string>PBXFileReference</string>
			<key>lastKnownFileType</key>
			<string>sourcecode.swift</string>
			<key>name</key>
			<string>mainViewController.swift</string>
			<key>path</key>
			<string>Libs/mainViewController.swift</string>
			<key>sourceTree</key>
			<string>&lt;group&gt;</string>
		</dict>
		<key>48EA7D2D1D1D2419005D6B81</key>
		<dict>
			<key>fileRef</key>
			<string>48EA7D2C1D1D2419005D6B81</string>
			<key>isa</key>
			<string>PBXBuildFile</string>
		</dict>
		<key>48EA7D2E1D1D3C09005D6B81</key>
		<dict>
			<key>children</key>
			<array>
				<string>48EA7D2F1D1D3C17005D6B81</string>
			</array>
			<key>isa</key>
			<string>PBXGroup</string>
			<key>name</key>
			<string>login</string>
			<key>sourceTree</key>
			<string>&lt;group&gt;</string>
		</dict>
		<key>48EA7D2F1D1D3C17005D6B81</key>
		<dict>
			<key>fileEncoding</key>
			<string>4</string>
			<key>isa</key>
			<string>PBXFileReference</string>
			<key>lastKnownFileType</key>
			<string>sourcecode.swift</string>
			<key>path</key>
			<string>loginPageViewController.swift</string>
			<key>sourceTree</key>
			<string>&lt;group&gt;</string>
		</dict>
		<key>48EA7D301D1D3C17005D6B81</key>
		<dict>
			<key>fileRef</key>
			<string>48EA7D2F1D1D3C17005D6B81</string>
			<key>isa</key>
			<string>PBXBuildFile</string>
		</dict>
		<key>48EA7D311D1D4341005D6B81</key>
		<dict>
			<key>children</key>
			<array>
				<string>48EA7D321D1D435E005D6B81</string>
				<string>48EA7D331D1D435E005D6B81</string>
			</array>
			<key>isa</key>
			<string>PBXGroup</string>
			<key>name</key>
			<string>FBFrameworks</string>
			<key>sourceTree</key>
			<string>&lt;group&gt;</string>
		</dict>
		<key>48EA7D321D1D435E005D6B81</key>
		<dict>
			<key>isa</key>
			<string>PBXFileReference</string>
			<key>lastKnownFileType</key>
			<string>wrapper.framework</string>
			<key>path</key>
			<string>FBSDKCoreKit.framework</string>
			<key>sourceTree</key>
			<string>&lt;group&gt;</string>
		</dict>
		<key>48EA7D331D1D435E005D6B81</key>
		<dict>
			<key>isa</key>
			<string>PBXFileReference</string>
			<key>lastKnownFileType</key>
			<string>wrapper.framework</string>
			<key>path</key>
			<string>FBSDKLoginKit.framework</string>
			<key>sourceTree</key>
			<string>&lt;group&gt;</string>
		</dict>
		<key>48EA7D341D1D435E005D6B81</key>
		<dict>
			<key>fileRef</key>
			<string>48EA7D321D1D435E005D6B81</string>
			<key>isa</key>
			<string>PBXBuildFile</string>
		</dict>
		<key>48EA7D351D1D435E005D6B81</key>
		<dict>
			<key>fileRef</key>
			<string>48EA7D331D1D435E005D6B81</string>
			<key>isa</key>
			<string>PBXBuildFile</string>
		</dict>
		<key>48EC04731D16A99C00026584</key>
		<dict>
			<key>fileEncoding</key>
			<string>4</string>
			<key>isa</key>
			<string>PBXFileReference</string>
			<key>lastKnownFileType</key>
			<string>sourcecode.swift</string>
			<key>name</key>
			<string>activityIndicator.swift</string>
			<key>path</key>
			<string>../activityIndicator.swift</string>
			<key>sourceTree</key>
			<string>&lt;group&gt;</string>
		</dict>
		<key>48EC04741D16A99C00026584</key>
		<dict>
			<key>fileRef</key>
			<string>48EC04731D16A99C00026584</string>
			<key>isa</key>
			<string>PBXBuildFile</string>
		</dict>
		<key>48F058A41D450C2B002CE14B</key>
		<dict>
			<key>children</key>
			<array>
				<string>48F058A61D450C4C002CE14B</string>
				<string>48F058A81D450C8E002CE14B</string>
				<string>48F058AA1D450E90002CE14B</string>
				<string>48F058AB1D450E90002CE14B</string>
			</array>
			<key>isa</key>
			<string>PBXGroup</string>
			<key>name</key>
			<string>Prepopulated</string>
			<key>sourceTree</key>
			<string>&lt;group&gt;</string>
		</dict>
		<key>48F058A61D450C4C002CE14B</key>
		<dict>
			<key>fileEncoding</key>
			<string>4</string>
			<key>isa</key>
			<string>PBXFileReference</string>
			<key>lastKnownFileType</key>
			<string>sourcecode.swift</string>
			<key>path</key>
			<string>Prepopulated.swift</string>
			<key>sourceTree</key>
			<string>&lt;group&gt;</string>
		</dict>
		<key>48F058A71D450C4C002CE14B</key>
		<dict>
			<key>fileRef</key>
			<string>48F058A61D450C4C002CE14B</string>
			<key>isa</key>
			<string>PBXBuildFile</string>
		</dict>
		<key>48F058A81D450C8E002CE14B</key>
		<dict>
			<key>fileEncoding</key>
			<string>4</string>
			<key>isa</key>
			<string>PBXFileReference</string>
			<key>lastKnownFileType</key>
			<string>file.xib</string>
			<key>path</key>
			<string>Prepopulated.xib</string>
			<key>sourceTree</key>
			<string>&lt;group&gt;</string>
		</dict>
		<key>48F058A91D450C8E002CE14B</key>
		<dict>
			<key>fileRef</key>
			<string>48F058A81D450C8E002CE14B</string>
			<key>isa</key>
			<string>PBXBuildFile</string>
		</dict>
		<key>48F058AA1D450E90002CE14B</key>
		<dict>
			<key>fileEncoding</key>
			<string>4</string>
			<key>isa</key>
			<string>PBXFileReference</string>
			<key>lastKnownFileType</key>
			<string>sourcecode.swift</string>
			<key>path</key>
			<string>PrePopulatedCollectionViewCell.swift</string>
			<key>sourceTree</key>
			<string>&lt;group&gt;</string>
		</dict>
		<key>48F058AB1D450E90002CE14B</key>
		<dict>
			<key>fileEncoding</key>
			<string>4</string>
			<key>isa</key>
			<string>PBXFileReference</string>
			<key>lastKnownFileType</key>
			<string>file.xib</string>
			<key>path</key>
			<string>PrePopulatedCollectionViewCell.xib</string>
			<key>sourceTree</key>
			<string>&lt;group&gt;</string>
		</dict>
		<key>48F058AC1D450E90002CE14B</key>
		<dict>
			<key>fileRef</key>
			<string>48F058AA1D450E90002CE14B</string>
			<key>isa</key>
			<string>PBXBuildFile</string>
		</dict>
		<key>48F058AD1D450E90002CE14B</key>
		<dict>
			<key>fileRef</key>
			<string>48F058AB1D450E90002CE14B</string>
			<key>isa</key>
			<string>PBXBuildFile</string>
		</dict>
		<key>4946DB7B3F144A2B353D6D6F</key>
		<dict>
			<key>buildActionMask</key>
			<string>2147483647</string>
			<key>files</key>
			<array/>
			<key>inputPaths</key>
			<array/>
			<key>isa</key>
			<string>PBXShellScriptBuildPhase</string>
			<key>name</key>
			<string>[CP] Check Pods Manifest.lock</string>
			<key>outputPaths</key>
			<array/>
			<key>runOnlyForDeploymentPostprocessing</key>
			<string>0</string>
			<key>shellPath</key>
			<string>/bin/sh</string>
			<key>shellScript</key>
			<string>diff "${PODS_ROOT}/../Podfile.lock" "${PODS_ROOT}/Manifest.lock" &gt; /dev/null
if [[ $? != 0 ]] ; then
    cat &lt;&lt; EOM
error: The sandbox is not in sync with the Podfile.lock. Run 'pod install' or update your CocoaPods installation.
EOM
    exit 1
fi
</string>
			<key>showEnvVarsInLog</key>
			<string>0</string>
		</dict>
		<key>585C4B0287131D18DE428FA7</key>
		<dict>
			<key>includeInIndex</key>
			<string>1</string>
			<key>isa</key>
			<string>PBXFileReference</string>
			<key>lastKnownFileType</key>
			<string>text.xcconfig</string>
			<key>name</key>
			<string>Pods-Udiva.release.xcconfig</string>
			<key>path</key>
			<string>Pods/Target Support Files/Pods-Udiva/Pods-Udiva.release.xcconfig</string>
			<key>sourceTree</key>
			<string>&lt;group&gt;</string>
		</dict>
		<key>63AD7AA1DA568ECDF6CE05AE</key>
		<dict>
			<key>explicitFileType</key>
			<string>wrapper.framework</string>
			<key>includeInIndex</key>
			<string>0</string>
			<key>isa</key>
			<string>PBXFileReference</string>
			<key>path</key>
			<string>Pods_UdivaTests.framework</string>
			<key>sourceTree</key>
			<string>BUILT_PRODUCTS_DIR</string>
		</dict>
		<key>6D2F999BEC5A6AF115D6EA0A</key>
		<dict>
			<key>explicitFileType</key>
			<string>wrapper.framework</string>
			<key>includeInIndex</key>
			<string>0</string>
			<key>isa</key>
			<string>PBXFileReference</string>
			<key>path</key>
			<string>Pods_Udiva.framework</string>
			<key>sourceTree</key>
			<string>BUILT_PRODUCTS_DIR</string>
		</dict>
		<key>A145F43224EA8314690D9645</key>
		<dict>
			<key>buildActionMask</key>
			<string>2147483647</string>
			<key>files</key>
			<array/>
			<key>inputPaths</key>
			<array/>
			<key>isa</key>
			<string>PBXShellScriptBuildPhase</string>
			<key>name</key>
			<string>[CP] Embed Pods Frameworks</string>
			<key>outputPaths</key>
			<array/>
			<key>runOnlyForDeploymentPostprocessing</key>
			<string>0</string>
			<key>shellPath</key>
			<string>/bin/sh</string>
			<key>shellScript</key>
			<string>"${SRCROOT}/Pods/Target Support Files/Pods-Udiva/Pods-Udiva-frameworks.sh"
</string>
			<key>showEnvVarsInLog</key>
			<string>0</string>
		</dict>
		<key>AC94AD521B8E40BF002D9AD2</key>
		<dict>
			<key>children</key>
			<array>
				<string>48E98D9E1D484F37002E4266</string>
				<string>48E554B01D4578E4009DF761</string>
				<string>48F058A41D450C2B002CE14B</string>
				<string>482FE8141D2FC57E00B78B0C</string>
				<string>482FE7F51D2D3CE300B78B0C</string>
				<string>488C9A371D2A4FB60014B992</string>
				<string>4815968D1D229E5C002F1D56</string>
				<string>48D6313C1D2154AD00F4905B</string>
				<string>AC94AD601B8E40BF002D9AD2</string>
				<string>AC94AD671B8E40BF002D9AD2</string>
				<string>48EA7D311D1D4341005D6B81</string>
				<string>48EA7D2E1D1D3C09005D6B81</string>
				<string>48EA7D2B1D1D23FE005D6B81</string>
				<string>483575031D128DE500A0AEBE</string>
				<string>AC94AD5D1B8E40BF002D9AD2</string>
				<string>AC94AD5C1B8E40BF002D9AD2</string>
				<string>AC94AD5E1B8E40BF002D9AD2</string>
				<string>ECA78FAB106D239C665A1DBB</string>
				<string>406B7D3689A94CBAD24EFD31</string>
			</array>
			<key>isa</key>
			<string>PBXGroup</string>
			<key>sourceTree</key>
			<string>&lt;group&gt;</string>
		</dict>
		<key>AC94AD531B8E40BF002D9AD2</key>
		<dict>
			<key>attributes</key>
			<dict>
				<key>LastSwiftMigration</key>
				<string>0730</string>
				<key>LastSwiftUpdateCheck</key>
				<string>0730</string>
				<key>LastUpgradeCheck</key>
				<string>0730</string>
				<key>ORGANIZATIONNAME</key>
				<string>Udiva</string>
				<key>TargetAttributes</key>
				<dict>
					<key>AC94AD5A1B8E40BF002D9AD2</key>
					<dict>
						<key>CreatedOnToolsVersion</key>
						<string>6.4</string>
						<key>DevelopmentTeam</key>
						<string>MGCZ2CQRVM</string>
					</dict>
					<key>AC94AD6F1B8E40BF002D9AD2</key>
					<dict>
						<key>CreatedOnToolsVersion</key>
						<string>6.4</string>
						<key>TestTargetID</key>
						<string>AC94AD5A1B8E40BF002D9AD2</string>
					</dict>
				</dict>
			</dict>
			<key>buildConfigurationList</key>
			<string>AC94AD561B8E40BF002D9AD2</string>
			<key>compatibilityVersion</key>
			<string>Xcode 3.2</string>
			<key>developmentRegion</key>
			<string>English</string>
			<key>hasScannedForEncodings</key>
			<string>0</string>
			<key>isa</key>
			<string>PBXProject</string>
			<key>knownRegions</key>
			<array>
				<string>en</string>
				<string>Base</string>
			</array>
			<key>mainGroup</key>
			<string>AC94AD521B8E40BF002D9AD2</string>
			<key>productRefGroup</key>
			<string>AC94AD5C1B8E40BF002D9AD2</string>
			<key>projectDirPath</key>
			<string></string>
			<key>projectReferences</key>
			<array/>
			<key>projectRoot</key>
			<string></string>
			<key>targets</key>
			<array>
				<string>AC94AD5A1B8E40BF002D9AD2</string>
				<string>AC94AD6F1B8E40BF002D9AD2</string>
			</array>
		</dict>
		<key>AC94AD561B8E40BF002D9AD2</key>
		<dict>
			<key>buildConfigurations</key>
			<array>
				<string>AC94AD781B8E40BF002D9AD2</string>
				<string>AC94AD791B8E40BF002D9AD2</string>
			</array>
			<key>defaultConfigurationIsVisible</key>
			<string>0</string>
			<key>defaultConfigurationName</key>
			<string>Release</string>
			<key>isa</key>
			<string>XCConfigurationList</string>
		</dict>
		<key>AC94AD571B8E40BF002D9AD2</key>
		<dict>
			<key>buildActionMask</key>
			<string>2147483647</string>
			<key>files</key>
			<array>
				<string>48E98DA21D484F69002E4266</string>
				<string>AC94AD631B8E40BF002D9AD2</string>
				<string>48DAA8C41D12C59300494180</string>
				<string>488C9A391D2A4FD40014B992</string>
				<string>482FE8101D2D3D4600B78B0C</string>
				<string>482FE8131D2E9E1B00B78B0C</string>
				<string>48F058AC1D450E90002CE14B</string>
				<string>48EA7D2A1D1D2195005D6B81</string>
				<string>48C2F47F1D264EE800CEE0DD</string>
				<string>482FE8021D2D3CF300B78B0C</string>
				<string>48D7A72D1D41C6B00099F8E7</string>
				<string>482FE8061D2D3CF300B78B0C</string>
				<string>48EC04741D16A99C00026584</string>
				<string>AC94AD8C1B8E436D002D9AD2</string>
				<string>48EA7D291D1D2195005D6B81</string>
				<string>48EA7D2D1D1D2419005D6B81</string>
				<string>48D6313E1D2154C600F4905B</string>
				<string>4800F8711D231B7F00DB51DA</string>
				<string>48937AE41D246B6300F31F34</string>
				<string>48EA7D301D1D3C17005D6B81</string>
				<string>482FE8081D2D3CF300B78B0C</string>
				<string>482FE80B1D2D3CF300B78B0C</string>
				<string>484BDA161D17CEE7002D287E</string>
				<string>4815968B1D225A2F002F1D56</string>
				<string>482FE80A1D2D3CF300B78B0C</string>
				<string>4824689E1D154FB400DAB95C</string>
				<string>AC94AD821B8E4174002D9AD2</string>
				<string>482FE8161D2FC59100B78B0C</string>
				<string>482FE80C1D2D3CF300B78B0C</string>
				<string>AC94AD611B8E40BF002D9AD2</string>
				<string>48C2F4831D26502A00CEE0DD</string>
				<string>482FE8041D2D3CF300B78B0C</string>
				<string>48F058A71D450C4C002CE14B</string>
				<string>AC94AD861B8E41A1002D9AD2</string>
				<string>48E8FF4F1D19403200506005</string>
				<string>48E554B21D4578E4009DF761</string>
			</array>
			<key>isa</key>
			<string>PBXSourcesBuildPhase</string>
			<key>runOnlyForDeploymentPostprocessing</key>
			<string>0</string>
		</dict>
		<key>AC94AD581B8E40BF002D9AD2</key>
		<dict>
			<key>buildActionMask</key>
			<string>2147483647</string>
			<key>files</key>
			<array>
				<string>483575021D128D7000A0AEBE</string>
				<string>48EA7D341D1D435E005D6B81</string>
				<string>48EA7D351D1D435E005D6B81</string>
				<string>EF8C43FB6FCC1FE4EB2494CF</string>
			</array>
			<key>isa</key>
			<string>PBXFrameworksBuildPhase</string>
			<key>runOnlyForDeploymentPostprocessing</key>
			<string>0</string>
		</dict>
		<key>AC94AD591B8E40BF002D9AD2</key>
		<dict>
			<key>buildActionMask</key>
			<string>2147483647</string>
			<key>files</key>
			<array>
				<string>48E98DA01D484F53002E4266</string>
				<string>48D7A72B1D41C6380099F8E7</string>
				<string>482FE8071D2D3CF300B78B0C</string>
				<string>AC94AD661B8E40BF002D9AD2</string>
				<string>48F058A91D450C8E002CE14B</string>
				<string>AC94AD6B1B8E40BF002D9AD2</string>
				<string>48D631461D218FC700F4905B</string>
				<string>4815968C1D225A2F002F1D56</string>
				<string>AC94AD8D1B8E436D002D9AD2</string>
				<string>482FE8031D2D3CF300B78B0C</string>
				<string>48C2F4841D26502A00CEE0DD</string>
				<string>482FE8091D2D3CF300B78B0C</string>
				<string>48F058AD1D450E90002CE14B</string>
				<string>48937AE51D246B6300F31F34</string>
				<string>48DAA8C21D12C56300494180</string>
				<string>488C9A3B1D2A4FF40014B992</string>
				<string>AC94AD831B8E4174002D9AD2</string>
				<string>482FE8051D2D3CF300B78B0C</string>
				<string>AC94AD871B8E41A1002D9AD2</string>
				<string>482FE8111D2D3D4600B78B0C</string>
				<string>48C2F4801D264EE800CEE0DD</string>
				<string>AC94AD681B8E40BF002D9AD2</string>
				<string>482FE80D1D2D3CF300B78B0C</string>
			</array>
			<key>isa</key>
			<string>PBXResourcesBuildPhase</string>
			<key>runOnlyForDeploymentPostprocessing</key>
			<string>0</string>
		</dict>
		<key>AC94AD5A1B8E40BF002D9AD2</key>
		<dict>
			<key>buildConfigurationList</key>
			<string>AC94AD7A1B8E40BF002D9AD2</string>
			<key>buildPhases</key>
			<array>
				<string>09165E18E1F6BE6BBE063B31</string>
				<string>AC94AD571B8E40BF002D9AD2</string>
				<string>AC94AD581B8E40BF002D9AD2</string>
				<string>AC94AD591B8E40BF002D9AD2</string>
				<string>A145F43224EA8314690D9645</string>
				<string>AEC46F2FE345B2A5144F226B</string>
				<string>EA2B1B32F9F738048CE37D1F</string>
			</array>
			<key>buildRules</key>
			<array/>
			<key>dependencies</key>
			<array/>
			<key>isa</key>
			<string>PBXNativeTarget</string>
			<key>name</key>
			<string>Udiva</string>
			<key>productName</key>
			<string>SnapchatCamera</string>
			<key>productReference</key>
			<string>AC94AD5B1B8E40BF002D9AD2</string>
			<key>productType</key>
			<string>com.apple.product-type.application</string>
		</dict>
		<key>AC94AD5B1B8E40BF002D9AD2</key>
		<dict>
			<key>explicitFileType</key>
			<string>wrapper.application</string>
			<key>includeInIndex</key>
			<string>0</string>
			<key>isa</key>
			<string>PBXFileReference</string>
			<key>path</key>
			<string>Udiva.app</string>
			<key>sourceTree</key>
			<string>BUILT_PRODUCTS_DIR</string>
		</dict>
		<key>AC94AD5C1B8E40BF002D9AD2</key>
		<dict>
			<key>children</key>
			<array>
				<string>AC94AD5B1B8E40BF002D9AD2</string>
				<string>AC94AD701B8E40BF002D9AD2</string>
			</array>
			<key>isa</key>
			<string>PBXGroup</string>
			<key>name</key>
			<string>Products</string>
			<key>sourceTree</key>
			<string>&lt;group&gt;</string>
		</dict>
		<key>AC94AD5D1B8E40BF002D9AD2</key>
		<dict>
			<key>children</key>
			<array>
				<string>483575091D12986B00A0AEBE</string>
				<string>483575071D12984100A0AEBE</string>
				<string>AC94AD691B8E40BF002D9AD2</string>
			</array>
			<key>isa</key>
			<string>PBXGroup</string>
			<key>name</key>
			<string>Camera</string>
			<key>path</key>
			<string>SnapchatCamera</string>
			<key>sourceTree</key>
			<string>&lt;group&gt;</string>
		</dict>
		<key>AC94AD5E1B8E40BF002D9AD2</key>
		<dict>
			<key>children</key>
			<array>
				<string>AC94AD5F1B8E40BF002D9AD2</string>
			</array>
			<key>isa</key>
			<string>PBXGroup</string>
			<key>name</key>
			<string>Supporting Files</string>
			<key>path</key>
			<string>SnapchatCamera</string>
			<key>sourceTree</key>
			<string>&lt;group&gt;</string>
		</dict>
		<key>AC94AD5F1B8E40BF002D9AD2</key>
		<dict>
			<key>isa</key>
			<string>PBXFileReference</string>
			<key>lastKnownFileType</key>
			<string>text.plist.xml</string>
			<key>path</key>
			<string>Info.plist</string>
			<key>sourceTree</key>
			<string>&lt;group&gt;</string>
		</dict>
		<key>AC94AD601B8E40BF002D9AD2</key>
		<dict>
			<key>isa</key>
			<string>PBXFileReference</string>
			<key>lastKnownFileType</key>
			<string>sourcecode.swift</string>
			<key>name</key>
			<string>AppDelegate.swift</string>
			<key>path</key>
			<string>SnapchatCamera/AppDelegate.swift</string>
			<key>sourceTree</key>
			<string>&lt;group&gt;</string>
		</dict>
		<key>AC94AD611B8E40BF002D9AD2</key>
		<dict>
			<key>fileRef</key>
			<string>AC94AD601B8E40BF002D9AD2</string>
			<key>isa</key>
			<string>PBXBuildFile</string>
		</dict>
		<key>AC94AD621B8E40BF002D9AD2</key>
		<dict>
			<key>isa</key>
			<string>PBXFileReference</string>
			<key>lastKnownFileType</key>
			<string>sourcecode.swift</string>
			<key>path</key>
			<string>ViewController.swift</string>
			<key>sourceTree</key>
			<string>&lt;group&gt;</string>
		</dict>
		<key>AC94AD631B8E40BF002D9AD2</key>
		<dict>
			<key>fileRef</key>
			<string>AC94AD621B8E40BF002D9AD2</string>
			<key>isa</key>
			<string>PBXBuildFile</string>
		</dict>
		<key>AC94AD641B8E40BF002D9AD2</key>
		<dict>
			<key>children</key>
			<array>
				<string>AC94AD651B8E40BF002D9AD2</string>
			</array>
			<key>isa</key>
			<string>PBXVariantGroup</string>
			<key>name</key>
			<string>Main.storyboard</string>
			<key>sourceTree</key>
			<string>&lt;group&gt;</string>
		</dict>
		<key>AC94AD651B8E40BF002D9AD2</key>
		<dict>
			<key>isa</key>
			<string>PBXFileReference</string>
			<key>lastKnownFileType</key>
			<string>file.storyboard</string>
			<key>name</key>
			<string>Base</string>
			<key>path</key>
			<string>Base.lproj/Main.storyboard</string>
			<key>sourceTree</key>
			<string>&lt;group&gt;</string>
		</dict>
		<key>AC94AD661B8E40BF002D9AD2</key>
		<dict>
			<key>fileRef</key>
			<string>AC94AD641B8E40BF002D9AD2</string>
			<key>isa</key>
			<string>PBXBuildFile</string>
		</dict>
		<key>AC94AD671B8E40BF002D9AD2</key>
		<dict>
			<key>isa</key>
			<string>PBXFileReference</string>
			<key>lastKnownFileType</key>
			<string>folder.assetcatalog</string>
			<key>name</key>
			<string>Images.xcassets</string>
			<key>path</key>
			<string>SnapchatCamera/Images.xcassets</string>
			<key>sourceTree</key>
			<string>&lt;group&gt;</string>
		</dict>
		<key>AC94AD681B8E40BF002D9AD2</key>
		<dict>
			<key>fileRef</key>
			<string>AC94AD671B8E40BF002D9AD2</string>
			<key>isa</key>
			<string>PBXBuildFile</string>
		</dict>
		<key>AC94AD691B8E40BF002D9AD2</key>
		<dict>
			<key>children</key>
			<array>
				<string>AC94AD6A1B8E40BF002D9AD2</string>
			</array>
			<key>isa</key>
			<string>PBXVariantGroup</string>
			<key>name</key>
			<string>LaunchScreen.xib</string>
			<key>sourceTree</key>
			<string>&lt;group&gt;</string>
		</dict>
		<key>AC94AD6A1B8E40BF002D9AD2</key>
		<dict>
			<key>isa</key>
			<string>PBXFileReference</string>
			<key>lastKnownFileType</key>
			<string>file.xib</string>
			<key>name</key>
			<string>Base</string>
			<key>path</key>
			<string>Base.lproj/LaunchScreen.xib</string>
			<key>sourceTree</key>
			<string>&lt;group&gt;</string>
		</dict>
		<key>AC94AD6B1B8E40BF002D9AD2</key>
		<dict>
			<key>fileRef</key>
			<string>AC94AD691B8E40BF002D9AD2</string>
			<key>isa</key>
			<string>PBXBuildFile</string>
		</dict>
		<key>AC94AD6C1B8E40BF002D9AD2</key>
		<dict>
			<key>buildActionMask</key>
			<string>2147483647</string>
			<key>files</key>
			<array/>
			<key>isa</key>
			<string>PBXSourcesBuildPhase</string>
			<key>runOnlyForDeploymentPostprocessing</key>
			<string>0</string>
		</dict>
		<key>AC94AD6D1B8E40BF002D9AD2</key>
		<dict>
			<key>buildActionMask</key>
			<string>2147483647</string>
			<key>files</key>
			<array>
				<string>2C84020A0DCAD507A178B360</string>
			</array>
			<key>isa</key>
			<string>PBXFrameworksBuildPhase</string>
			<key>runOnlyForDeploymentPostprocessing</key>
			<string>0</string>
		</dict>
		<key>AC94AD6E1B8E40BF002D9AD2</key>
		<dict>
			<key>buildActionMask</key>
			<string>2147483647</string>
			<key>files</key>
			<array/>
			<key>isa</key>
			<string>PBXResourcesBuildPhase</string>
			<key>runOnlyForDeploymentPostprocessing</key>
			<string>0</string>
		</dict>
		<key>AC94AD6F1B8E40BF002D9AD2</key>
		<dict>
			<key>buildConfigurationList</key>
			<string>AC94AD7D1B8E40BF002D9AD2</string>
			<key>buildPhases</key>
			<array>
				<string>4946DB7B3F144A2B353D6D6F</string>
				<string>AC94AD6C1B8E40BF002D9AD2</string>
				<string>AC94AD6D1B8E40BF002D9AD2</string>
				<string>AC94AD6E1B8E40BF002D9AD2</string>
				<string>C1F43FB5484076D545FCE4FC</string>
				<string>C9E12D5EFB01442A6B70AA62</string>
			</array>
			<key>buildRules</key>
			<array/>
			<key>dependencies</key>
			<array>
				<string>AC94AD721B8E40BF002D9AD2</string>
			</array>
			<key>isa</key>
			<string>PBXNativeTarget</string>
			<key>name</key>
			<string>UdivaTests</string>
			<key>productName</key>
			<string>SnapchatCameraTests</string>
			<key>productReference</key>
			<string>AC94AD701B8E40BF002D9AD2</string>
			<key>productType</key>
			<string>com.apple.product-type.bundle.unit-test</string>
		</dict>
		<key>AC94AD701B8E40BF002D9AD2</key>
		<dict>
			<key>explicitFileType</key>
			<string>wrapper.cfbundle</string>
			<key>includeInIndex</key>
			<string>0</string>
			<key>isa</key>
			<string>PBXFileReference</string>
			<key>path</key>
			<string>Udiva.xctest</string>
			<key>sourceTree</key>
			<string>BUILT_PRODUCTS_DIR</string>
		</dict>
		<key>AC94AD711B8E40BF002D9AD2</key>
		<dict>
			<key>containerPortal</key>
			<string>AC94AD531B8E40BF002D9AD2</string>
			<key>isa</key>
			<string>PBXContainerItemProxy</string>
			<key>proxyType</key>
			<string>1</string>
			<key>remoteGlobalIDString</key>
			<string>AC94AD5A1B8E40BF002D9AD2</string>
			<key>remoteInfo</key>
			<string>SnapchatCamera</string>
		</dict>
		<key>AC94AD721B8E40BF002D9AD2</key>
		<dict>
			<key>isa</key>
			<string>PBXTargetDependency</string>
			<key>target</key>
			<string>AC94AD5A1B8E40BF002D9AD2</string>
			<key>targetProxy</key>
			<string>AC94AD711B8E40BF002D9AD2</string>
		</dict>
		<key>AC94AD781B8E40BF002D9AD2</key>
		<dict>
			<key>buildSettings</key>
			<dict>
				<key>ALWAYS_SEARCH_USER_PATHS</key>
				<string>NO</string>
				<key>CLANG_CXX_LANGUAGE_STANDARD</key>
				<string>gnu++0x</string>
				<key>CLANG_CXX_LIBRARY</key>
				<string>libc++</string>
				<key>CLANG_ENABLE_MODULES</key>
				<string>YES</string>
				<key>CLANG_ENABLE_OBJC_ARC</key>
				<string>YES</string>
				<key>CLANG_WARN_BOOL_CONVERSION</key>
				<string>YES</string>
				<key>CLANG_WARN_CONSTANT_CONVERSION</key>
				<string>YES</string>
				<key>CLANG_WARN_DIRECT_OBJC_ISA_USAGE</key>
				<string>YES_ERROR</string>
				<key>CLANG_WARN_EMPTY_BODY</key>
				<string>YES</string>
				<key>CLANG_WARN_ENUM_CONVERSION</key>
				<string>YES</string>
				<key>CLANG_WARN_INT_CONVERSION</key>
				<string>YES</string>
				<key>CLANG_WARN_OBJC_ROOT_CLASS</key>
				<string>YES_ERROR</string>
				<key>CLANG_WARN_UNREACHABLE_CODE</key>
				<string>YES</string>
				<key>CLANG_WARN__DUPLICATE_METHOD_MATCH</key>
				<string>YES</string>
				<key>CODE_SIGN_IDENTITY[sdk=iphoneos*]</key>
				<string>iPhone Developer</string>
				<key>COPY_PHASE_STRIP</key>
				<string>NO</string>
				<key>DEBUG_INFORMATION_FORMAT</key>
				<string>dwarf-with-dsym</string>
				<key>EMBEDDED_CONTENT_CONTAINS_SWIFT</key>
				<string>YES</string>
				<key>ENABLE_STRICT_OBJC_MSGSEND</key>
				<string>YES</string>
				<key>ENABLE_TESTABILITY</key>
				<string>YES</string>
				<key>GCC_C_LANGUAGE_STANDARD</key>
				<string>gnu99</string>
				<key>GCC_DYNAMIC_NO_PIC</key>
				<string>NO</string>
				<key>GCC_NO_COMMON_BLOCKS</key>
				<string>YES</string>
				<key>GCC_OPTIMIZATION_LEVEL</key>
				<string>0</string>
				<key>GCC_PREPROCESSOR_DEFINITIONS</key>
				<array>
					<string>DEBUG=1</string>
					<string>$(inherited)</string>
				</array>
				<key>GCC_SYMBOLS_PRIVATE_EXTERN</key>
				<string>NO</string>
				<key>GCC_WARN_64_TO_32_BIT_CONVERSION</key>
				<string>YES</string>
				<key>GCC_WARN_ABOUT_RETURN_TYPE</key>
				<string>YES_ERROR</string>
				<key>GCC_WARN_UNDECLARED_SELECTOR</key>
				<string>YES</string>
				<key>GCC_WARN_UNINITIALIZED_AUTOS</key>
				<string>YES_AGGRESSIVE</string>
				<key>GCC_WARN_UNUSED_FUNCTION</key>
				<string>YES</string>
				<key>GCC_WARN_UNUSED_VARIABLE</key>
				<string>YES</string>
				<key>IPHONEOS_DEPLOYMENT_TARGET</key>
				<string>8.4</string>
				<key>MTL_ENABLE_DEBUG_INFO</key>
				<string>YES</string>
				<key>ONLY_ACTIVE_ARCH</key>
				<string>YES</string>
				<key>SDKROOT</key>
				<string>iphoneos</string>
				<key>SWIFT_OBJC_BRIDGING_HEADER</key>
				<string>/Users/unitedaditya/Downloads/SnapchatPhotosB-master/SnapchatCameraB/Udiva-Bridging-Header.h</string>
				<key>SWIFT_OPTIMIZATION_LEVEL</key>
				<string>-Onone</string>
				<key>TARGETED_DEVICE_FAMILY</key>
				<string>1,2</string>
			</dict>
			<key>isa</key>
			<string>XCBuildConfiguration</string>
			<key>name</key>
			<string>Debug</string>
		</dict>
		<key>AC94AD791B8E40BF002D9AD2</key>
		<dict>
			<key>buildSettings</key>
			<dict>
				<key>ALWAYS_SEARCH_USER_PATHS</key>
				<string>NO</string>
				<key>CLANG_CXX_LANGUAGE_STANDARD</key>
				<string>gnu++0x</string>
				<key>CLANG_CXX_LIBRARY</key>
				<string>libc++</string>
				<key>CLANG_ENABLE_MODULES</key>
				<string>YES</string>
				<key>CLANG_ENABLE_OBJC_ARC</key>
				<string>YES</string>
				<key>CLANG_WARN_BOOL_CONVERSION</key>
				<string>YES</string>
				<key>CLANG_WARN_CONSTANT_CONVERSION</key>
				<string>YES</string>
				<key>CLANG_WARN_DIRECT_OBJC_ISA_USAGE</key>
				<string>YES_ERROR</string>
				<key>CLANG_WARN_EMPTY_BODY</key>
				<string>YES</string>
				<key>CLANG_WARN_ENUM_CONVERSION</key>
				<string>YES</string>
				<key>CLANG_WARN_INT_CONVERSION</key>
				<string>YES</string>
				<key>CLANG_WARN_OBJC_ROOT_CLASS</key>
				<string>YES_ERROR</string>
				<key>CLANG_WARN_UNREACHABLE_CODE</key>
				<string>YES</string>
				<key>CLANG_WARN__DUPLICATE_METHOD_MATCH</key>
				<string>YES</string>
				<key>CODE_SIGN_IDENTITY[sdk=iphoneos*]</key>
				<string>iPhone Developer</string>
				<key>COPY_PHASE_STRIP</key>
				<string>NO</string>
				<key>DEBUG_INFORMATION_FORMAT</key>
				<string>dwarf-with-dsym</string>
				<key>EMBEDDED_CONTENT_CONTAINS_SWIFT</key>
				<string>YES</string>
				<key>ENABLE_NS_ASSERTIONS</key>
				<string>NO</string>
				<key>ENABLE_STRICT_OBJC_MSGSEND</key>
				<string>YES</string>
				<key>GCC_C_LANGUAGE_STANDARD</key>
				<string>gnu99</string>
				<key>GCC_NO_COMMON_BLOCKS</key>
				<string>YES</string>
				<key>GCC_WARN_64_TO_32_BIT_CONVERSION</key>
				<string>YES</string>
				<key>GCC_WARN_ABOUT_RETURN_TYPE</key>
				<string>YES_ERROR</string>
				<key>GCC_WARN_UNDECLARED_SELECTOR</key>
				<string>YES</string>
				<key>GCC_WARN_UNINITIALIZED_AUTOS</key>
				<string>YES_AGGRESSIVE</string>
				<key>GCC_WARN_UNUSED_FUNCTION</key>
				<string>YES</string>
				<key>GCC_WARN_UNUSED_VARIABLE</key>
				<string>YES</string>
				<key>IPHONEOS_DEPLOYMENT_TARGET</key>
				<string>8.4</string>
				<key>MTL_ENABLE_DEBUG_INFO</key>
				<string>NO</string>
				<key>SDKROOT</key>
				<string>iphoneos</string>
				<key>SWIFT_OBJC_BRIDGING_HEADER</key>
				<string>/Users/unitedaditya/Downloads/SnapchatPhotosB-master/SnapchatCameraB/Udiva-Bridging-Header.h</string>
				<key>TARGETED_DEVICE_FAMILY</key>
				<string>1,2</string>
				<key>VALIDATE_PRODUCT</key>
				<string>YES</string>
			</dict>
			<key>isa</key>
			<string>XCBuildConfiguration</string>
			<key>name</key>
			<string>Release</string>
		</dict>
		<key>AC94AD7A1B8E40BF002D9AD2</key>
		<dict>
			<key>buildConfigurations</key>
			<array>
				<string>AC94AD7B1B8E40BF002D9AD2</string>
				<string>AC94AD7C1B8E40BF002D9AD2</string>
			</array>
			<key>defaultConfigurationIsVisible</key>
			<string>0</string>
			<key>defaultConfigurationName</key>
			<string>Release</string>
			<key>isa</key>
			<string>XCConfigurationList</string>
		</dict>
		<key>AC94AD7B1B8E40BF002D9AD2</key>
		<dict>
			<key>baseConfigurationReference</key>
			<string>D2083A03CF84A876E0B61FFD</string>
			<key>buildSettings</key>
			<dict>
				<key>ASSETCATALOG_COMPILER_APPICON_NAME</key>
				<string>AppIcon</string>
				<key>CODE_SIGN_IDENTITY</key>
				<string>iPhone Developer</string>
				<key>CODE_SIGN_IDENTITY[sdk=iphoneos*]</key>
				<string>iPhone Developer</string>
				<key>FRAMEWORK_SEARCH_PATHS</key>
				<array>
					<string>$(inherited)</string>
					<string>$(PROJECT_DIR)</string>
				</array>
				<key>INFOPLIST_FILE</key>
				<string>SnapchatCamera/Info.plist</string>
				<key>IPHONEOS_DEPLOYMENT_TARGET</key>
				<string>8.1</string>
				<key>LD_RUNPATH_SEARCH_PATHS</key>
				<string>$(inherited) @executable_path/Frameworks</string>
				<key>LIBRARY_SEARCH_PATHS</key>
				<array>
					<string>$(inherited)</string>
					<string>$(PROJECT_DIR)/SnapchatCamera/Cloudinary</string>
				</array>
				<key>PRODUCT_BUNDLE_IDENTIFIER</key>
				<string>in.Udiva.in</string>
				<key>PRODUCT_NAME</key>
				<string>Udiva</string>
				<key>PROVISIONING_PROFILE</key>
				<string></string>
				<key>SWIFT_OBJC_BRIDGING_HEADER</key>
				<string>/Users/unitedaditya/Movies/UdivaCurrent/udivareborn/Udiva-Bridging-Header.h</string>
				<key>TARGETED_DEVICE_FAMILY</key>
				<string>1</string>
			</dict>
			<key>isa</key>
			<string>XCBuildConfiguration</string>
			<key>name</key>
			<string>Debug</string>
		</dict>
		<key>AC94AD7C1B8E40BF002D9AD2</key>
		<dict>
			<key>baseConfigurationReference</key>
			<string>585C4B0287131D18DE428FA7</string>
			<key>buildSettings</key>
			<dict>
				<key>ASSETCATALOG_COMPILER_APPICON_NAME</key>
				<string>AppIcon</string>
				<key>CODE_SIGN_IDENTITY</key>
				<string>iPhone Developer</string>
				<key>CODE_SIGN_IDENTITY[sdk=iphoneos*]</key>
				<string>iPhone Developer</string>
				<key>FRAMEWORK_SEARCH_PATHS</key>
				<array>
					<string>$(inherited)</string>
					<string>$(PROJECT_DIR)</string>
				</array>
				<key>INFOPLIST_FILE</key>
				<string>SnapchatCamera/Info.plist</string>
				<key>IPHONEOS_DEPLOYMENT_TARGET</key>
				<string>8.1</string>
				<key>LD_RUNPATH_SEARCH_PATHS</key>
				<string>$(inherited) @executable_path/Frameworks</string>
				<key>LIBRARY_SEARCH_PATHS</key>
				<array>
					<string>$(inherited)</string>
					<string>$(PROJECT_DIR)/SnapchatCamera/Cloudinary</string>
				</array>
				<key>PRODUCT_BUNDLE_IDENTIFIER</key>
				<string>in.Udiva.in</string>
				<key>PRODUCT_NAME</key>
				<string>Udiva</string>
				<key>PROVISIONING_PROFILE</key>
				<string></string>
				<key>SWIFT_OBJC_BRIDGING_HEADER</key>
				<string>/Users/unitedaditya/Movies/UdivaCurrent/udivareborn/Udiva-Bridging-Header.h</string>
				<key>TARGETED_DEVICE_FAMILY</key>
				<string>1</string>
			</dict>
			<key>isa</key>
			<string>XCBuildConfiguration</string>
			<key>name</key>
			<string>Release</string>
		</dict>
		<key>AC94AD7D1B8E40BF002D9AD2</key>
		<dict>
			<key>buildConfigurations</key>
			<array>
				<string>AC94AD7E1B8E40BF002D9AD2</string>
				<string>AC94AD7F1B8E40BF002D9AD2</string>
			</array>
			<key>defaultConfigurationIsVisible</key>
			<string>0</string>
			<key>defaultConfigurationName</key>
			<string>Release</string>
			<key>isa</key>
			<string>XCConfigurationList</string>
		</dict>
		<key>AC94AD7E1B8E40BF002D9AD2</key>
		<dict>
			<key>baseConfigurationReference</key>
			<string>C397AD770BECC04D0C1A90A4</string>
			<key>buildSettings</key>
			<dict>
				<key>BUNDLE_LOADER</key>
				<string>$(TEST_HOST)</string>
				<key>FRAMEWORK_SEARCH_PATHS</key>
				<array>
					<string>$(SDKROOT)/Developer/Library/Frameworks</string>
					<string>$(inherited)</string>
				</array>
				<key>GCC_PREPROCESSOR_DEFINITIONS</key>
				<array>
					<string>DEBUG=1</string>
					<string>$(inherited)</string>
				</array>
				<key>INFOPLIST_FILE</key>
				<string>SnapchatCameraTests/Info.plist</string>
				<key>LD_RUNPATH_SEARCH_PATHS</key>
				<string>$(inherited) @executable_path/Frameworks @loader_path/Frameworks</string>
				<key>PRODUCT_NAME</key>
				<string>Udiva</string>
				<key>TEST_HOST</key>
				<string>$(BUILT_PRODUCTS_DIR)/Udiva.app/Udiva</string>
			</dict>
			<key>isa</key>
			<string>XCBuildConfiguration</string>
			<key>name</key>
			<string>Debug</string>
		</dict>
		<key>AC94AD7F1B8E40BF002D9AD2</key>
		<dict>
			<key>baseConfigurationReference</key>
			<string>E7B65B016B7167B8D886E39D</string>
			<key>buildSettings</key>
			<dict>
				<key>BUNDLE_LOADER</key>
				<string>$(TEST_HOST)</string>
				<key>FRAMEWORK_SEARCH_PATHS</key>
				<array>
					<string>$(SDKROOT)/Developer/Library/Frameworks</string>
					<string>$(inherited)</string>
				</array>
				<key>INFOPLIST_FILE</key>
				<string>SnapchatCameraTests/Info.plist</string>
				<key>LD_RUNPATH_SEARCH_PATHS</key>
				<string>$(inherited) @executable_path/Frameworks @loader_path/Frameworks</string>
				<key>PRODUCT_NAME</key>
				<string>Udiva</string>
				<key>TEST_HOST</key>
				<string>$(BUILT_PRODUCTS_DIR)/Udiva.app/Udiva</string>
			</dict>
			<key>isa</key>
			<string>XCBuildConfiguration</string>
			<key>name</key>
			<string>Release</string>
		</dict>
		<key>AC94AD801B8E4174002D9AD2</key>
		<dict>
			<key>fileEncoding</key>
			<string>4</string>
			<key>isa</key>
			<string>PBXFileReference</string>
			<key>lastKnownFileType</key>
			<string>sourcecode.swift</string>
			<key>path</key>
			<string>View1.swift</string>
			<key>sourceTree</key>
			<string>&lt;group&gt;</string>
		</dict>
		<key>AC94AD811B8E4174002D9AD2</key>
		<dict>
			<key>fileEncoding</key>
			<string>4</string>
			<key>isa</key>
			<string>PBXFileReference</string>
			<key>lastKnownFileType</key>
			<string>file.xib</string>
			<key>path</key>
			<string>View1.xib</string>
			<key>sourceTree</key>
			<string>&lt;group&gt;</string>
		</dict>
		<key>AC94AD821B8E4174002D9AD2</key>
		<dict>
			<key>fileRef</key>
			<string>AC94AD801B8E4174002D9AD2</string>
			<key>isa</key>
			<string>PBXBuildFile</string>
		</dict>
		<key>AC94AD831B8E4174002D9AD2</key>
		<dict>
			<key>fileRef</key>
			<string>AC94AD811B8E4174002D9AD2</string>
			<key>isa</key>
			<string>PBXBuildFile</string>
		</dict>
		<key>AC94AD841B8E41A1002D9AD2</key>
		<dict>
			<key>fileEncoding</key>
			<string>4</string>
			<key>isa</key>
			<string>PBXFileReference</string>
			<key>lastKnownFileType</key>
			<string>sourcecode.swift</string>
			<key>path</key>
			<string>View2.swift</string>
			<key>sourceTree</key>
			<string>&lt;group&gt;</string>
		</dict>
		<key>AC94AD851B8E41A1002D9AD2</key>
		<dict>
			<key>fileEncoding</key>
			<string>4</string>
			<key>isa</key>
			<string>PBXFileReference</string>
			<key>lastKnownFileType</key>
			<string>file.xib</string>
			<key>path</key>
			<string>View2.xib</string>
			<key>sourceTree</key>
			<string>&lt;group&gt;</string>
		</dict>
		<key>AC94AD861B8E41A1002D9AD2</key>
		<dict>
			<key>fileRef</key>
			<string>AC94AD841B8E41A1002D9AD2</string>
			<key>isa</key>
			<string>PBXBuildFile</string>
		</dict>
		<key>AC94AD871B8E41A1002D9AD2</key>
		<dict>
			<key>fileRef</key>
			<string>AC94AD851B8E41A1002D9AD2</string>
			<key>isa</key>
			<string>PBXBuildFile</string>
		</dict>
		<key>AC94AD8A1B8E436D002D9AD2</key>
		<dict>
			<key>fileEncoding</key>
			<string>4</string>
			<key>isa</key>
			<string>PBXFileReference</string>
			<key>lastKnownFileType</key>
			<string>sourcecode.swift</string>
			<key>path</key>
			<string>View3.swift</string>
			<key>sourceTree</key>
			<string>&lt;group&gt;</string>
		</dict>
		<key>AC94AD8B1B8E436D002D9AD2</key>
		<dict>
			<key>fileEncoding</key>
			<string>4</string>
			<key>isa</key>
			<string>PBXFileReference</string>
			<key>lastKnownFileType</key>
			<string>file.xib</string>
			<key>path</key>
			<string>View3.xib</string>
			<key>sourceTree</key>
			<string>&lt;group&gt;</string>
		</dict>
		<key>AC94AD8C1B8E436D002D9AD2</key>
		<dict>
			<key>fileRef</key>
			<string>AC94AD8A1B8E436D002D9AD2</string>
			<key>isa</key>
			<string>PBXBuildFile</string>
		</dict>
		<key>AC94AD8D1B8E436D002D9AD2</key>
		<dict>
			<key>fileRef</key>
			<string>AC94AD8B1B8E436D002D9AD2</string>
			<key>isa</key>
			<string>PBXBuildFile</string>
		</dict>
		<key>AEC46F2FE345B2A5144F226B</key>
		<dict>
			<key>buildActionMask</key>
			<string>2147483647</string>
			<key>files</key>
			<array/>
			<key>inputPaths</key>
			<array/>
			<key>isa</key>
			<string>PBXShellScriptBuildPhase</string>
			<key>name</key>
			<string>[CP] Copy Pods Resources</string>
			<key>outputPaths</key>
			<array/>
			<key>runOnlyForDeploymentPostprocessing</key>
			<string>0</string>
			<key>shellPath</key>
			<string>/bin/sh</string>
			<key>shellScript</key>
			<string>"${SRCROOT}/Pods/Target Support Files/Pods-Udiva/Pods-Udiva-resources.sh"
</string>
			<key>showEnvVarsInLog</key>
			<string>0</string>
		</dict>
		<key>C1F43FB5484076D545FCE4FC</key>
		<dict>
			<key>buildActionMask</key>
			<string>2147483647</string>
			<key>files</key>
			<array/>
			<key>inputPaths</key>
			<array/>
			<key>isa</key>
			<string>PBXShellScriptBuildPhase</string>
			<key>name</key>
			<string>[CP] Embed Pods Frameworks</string>
			<key>outputPaths</key>
			<array/>
			<key>runOnlyForDeploymentPostprocessing</key>
			<string>0</string>
			<key>shellPath</key>
			<string>/bin/sh</string>
			<key>shellScript</key>
			<string>"${SRCROOT}/Pods/Target Support Files/Pods-UdivaTests/Pods-UdivaTests-frameworks.sh"
</string>
			<key>showEnvVarsInLog</key>
			<string>0</string>
		</dict>
		<key>C397AD770BECC04D0C1A90A4</key>
		<dict>
			<key>includeInIndex</key>
			<string>1</string>
			<key>isa</key>
			<string>PBXFileReference</string>
			<key>lastKnownFileType</key>
			<string>text.xcconfig</string>
			<key>name</key>
			<string>Pods-UdivaTests.debug.xcconfig</string>
			<key>path</key>
			<string>Pods/Target Support Files/Pods-UdivaTests/Pods-UdivaTests.debug.xcconfig</string>
			<key>sourceTree</key>
			<string>&lt;group&gt;</string>
		</dict>
		<key>C9E12D5EFB01442A6B70AA62</key>
		<dict>
			<key>buildActionMask</key>
			<string>2147483647</string>
			<key>files</key>
			<array/>
			<key>inputPaths</key>
			<array/>
			<key>isa</key>
			<string>PBXShellScriptBuildPhase</string>
			<key>name</key>
			<string>[CP] Copy Pods Resources</string>
			<key>outputPaths</key>
			<array/>
			<key>runOnlyForDeploymentPostprocessing</key>
			<string>0</string>
			<key>shellPath</key>
			<string>/bin/sh</string>
			<key>shellScript</key>
			<string>"${SRCROOT}/Pods/Target Support Files/Pods-UdivaTests/Pods-UdivaTests-resources.sh"
</string>
			<key>showEnvVarsInLog</key>
			<string>0</string>
		</dict>
		<key>D2083A03CF84A876E0B61FFD</key>
		<dict>
			<key>includeInIndex</key>
			<string>1</string>
			<key>isa</key>
			<string>PBXFileReference</string>
			<key>lastKnownFileType</key>
			<string>text.xcconfig</string>
			<key>name</key>
			<string>Pods-Udiva.debug.xcconfig</string>
			<key>path</key>
			<string>Pods/Target Support Files/Pods-Udiva/Pods-Udiva.debug.xcconfig</string>
			<key>sourceTree</key>
			<string>&lt;group&gt;</string>
		</dict>
		<key>E7B65B016B7167B8D886E39D</key>
		<dict>
			<key>includeInIndex</key>
			<string>1</string>
			<key>isa</key>
			<string>PBXFileReference</string>
			<key>lastKnownFileType</key>
			<string>text.xcconfig</string>
			<key>name</key>
			<string>Pods-UdivaTests.release.xcconfig</string>
			<key>path</key>
			<string>Pods/Target Support Files/Pods-UdivaTests/Pods-UdivaTests.release.xcconfig</string>
			<key>sourceTree</key>
			<string>&lt;group&gt;</string>
		</dict>
		<key>EA2B1B32F9F738048CE37D1F</key>
		<dict>
			<key>buildActionMask</key>
			<string>2147483647</string>
			<key>files</key>
			<array/>
			<key>inputPaths</key>
			<array/>
			<key>isa</key>
			<string>PBXShellScriptBuildPhase</string>
			<key>name</key>
			<string>Embed Pods Frameworks</string>
			<key>outputPaths</key>
			<array/>
			<key>runOnlyForDeploymentPostprocessing</key>
			<string>0</string>
			<key>shellPath</key>
			<string>/bin/sh</string>
			<key>shellScript</key>
			<string>"${SRCROOT}/Pods/Target Support Files/Pods-Udiva/Pods-Udiva-frameworks.sh"
</string>
			<key>showEnvVarsInLog</key>
			<string>0</string>
		</dict>
		<key>ECA78FAB106D239C665A1DBB</key>
		<dict>
			<key>children</key>
			<array>
				<string>483575011D128D7000A0AEBE</string>
				<string>6D2F999BEC5A6AF115D6EA0A</string>
				<string>63AD7AA1DA568ECDF6CE05AE</string>
			</array>
			<key>isa</key>
			<string>PBXGroup</string>
			<key>name</key>
			<string>Frameworks</string>
			<key>sourceTree</key>
			<string>&lt;group&gt;</string>
		</dict>
		<key>EF8C43FB6FCC1FE4EB2494CF</key>
		<dict>
			<key>fileRef</key>
			<string>6D2F999BEC5A6AF115D6EA0A</string>
			<key>isa</key>
			<string>PBXBuildFile</string>
		</dict>
	</dict>
	<key>rootObject</key>
	<string>AC94AD531B8E40BF002D9AD2</string>
</dict>
</plist>
